{
  "name": "code-golf",
  "lockfileVersion": 2,
  "requires": true,
  "packages": {
    "": {
      "dependencies": {
        "@codemirror/commands": "",
        "@codemirror/gutter": "",
        "@codemirror/highlight": "",
        "@codemirror/history": "",
        "@codemirror/lang-java": "",
        "@codemirror/lang-javascript": "",
        "@codemirror/lang-php": "",
        "@codemirror/lang-python": "",
        "@codemirror/lang-rust": "",
        "@codemirror/lang-sql": "",
        "@codemirror/language": "",
        "@codemirror/legacy-modes": "",
        "@codemirror/matchbrackets": "",
        "@codemirror/state": "",
        "@codemirror/stream-parser": "",
        "@codemirror/theme-one-dark": "",
        "@codemirror/view": "",
        "@defasm/codemirror": "",
        "esbuild": "",
        "lz-string": "",
        "nim-codemirror-mode": ""
      }
    },
    "node_modules/@codemirror/autocomplete": {
      "version": "0.19.3",
      "resolved": "https://registry.npmjs.org/@codemirror/autocomplete/-/autocomplete-0.19.3.tgz",
      "integrity": "sha512-5juP6hVrHAogzQ0JUTQuibE8j1seqeGNJ98qLUPuliI6kLBg5INS4qvUI1Brqye+wYPFu7UHqrrn13RLh5YSzw==",
      "dependencies": {
        "@codemirror/language": "^0.19.0",
        "@codemirror/state": "^0.19.0",
        "@codemirror/text": "^0.19.2",
        "@codemirror/tooltip": "^0.19.0",
        "@codemirror/view": "^0.19.0",
        "@lezer/common": "^0.15.0"
      }
    },
    "node_modules/@codemirror/commands": {
      "version": "0.19.4",
      "resolved": "https://registry.npmjs.org/@codemirror/commands/-/commands-0.19.4.tgz",
      "integrity": "sha512-EW6ffAIdu7aGWWwEG4xRcKLR+1RXH7hJqMt5mbrxDSc2xAQBgqxIPFglcMeSkC7qqkwPuqv3xavVh1+0gQ0piQ==",
      "dependencies": {
        "@codemirror/language": "^0.19.0",
        "@codemirror/matchbrackets": "^0.19.0",
        "@codemirror/state": "^0.19.2",
        "@codemirror/text": "^0.19.0",
        "@codemirror/view": "^0.19.0",
        "@lezer/common": "^0.15.0"
      }
    },
    "node_modules/@codemirror/gutter": {
      "version": "0.19.2",
      "resolved": "https://registry.npmjs.org/@codemirror/gutter/-/gutter-0.19.2.tgz",
      "integrity": "sha512-xiayxhc9uq1UXiG/r/E3AAYXZt+EtSdgdQXC4nlMHvbfw2EmtryfzGO3HrgasHRyAW8uNCaO9JO4n7mU7rm1rQ==",
      "dependencies": {
        "@codemirror/rangeset": "^0.19.0",
        "@codemirror/state": "^0.19.0",
        "@codemirror/view": "^0.19.0"
      }
    },
    "node_modules/@codemirror/highlight": {
      "version": "0.19.5",
      "resolved": "https://registry.npmjs.org/@codemirror/highlight/-/highlight-0.19.5.tgz",
      "integrity": "sha512-JDGEH/l/DGpxG2k+mgqMKcuFURIs42eoTB4H4tN7QmzyW/z/MlNKiHHv7pWXyN+H5QvftK5yctsxUu77EZikmw==",
      "dependencies": {
        "@codemirror/language": "^0.19.0",
        "@codemirror/rangeset": "^0.19.0",
        "@codemirror/state": "^0.19.0",
        "@codemirror/view": "^0.19.0",
        "@lezer/common": "^0.15.0",
        "style-mod": "^4.0.0"
      }
    },
    "node_modules/@codemirror/history": {
      "version": "0.19.0",
      "resolved": "https://registry.npmjs.org/@codemirror/history/-/history-0.19.0.tgz",
      "integrity": "sha512-E0H+lncH66IMDhaND9jgkjE7s0dhYfjCPmS+Ig2Yes9I8+UIEecIdObj8c8HPCFGctGg3fxXqRAw2mdHl2Wouw==",
      "dependencies": {
        "@codemirror/state": "^0.19.0",
        "@codemirror/view": "^0.19.0"
      }
    },
    "node_modules/@codemirror/lang-css": {
      "version": "0.19.1",
      "resolved": "https://registry.npmjs.org/@codemirror/lang-css/-/lang-css-0.19.1.tgz",
      "integrity": "sha512-Eo1B19MNtDPoAeGyExq4vQZ/T0uvRpZ5NzUfHJisNg0TrZ3/JiLlWNJFTT18bQborNOk36GdzL1Fj39+3gH2Lw==",
      "dependencies": {
        "@codemirror/autocomplete": "^0.19.0",
        "@codemirror/highlight": "^0.19.0",
        "@codemirror/language": "^0.19.0",
        "@codemirror/state": "^0.19.0",
        "@lezer/css": "^0.15.0"
      }
    },
    "node_modules/@codemirror/lang-html": {
      "version": "0.19.1",
      "resolved": "https://registry.npmjs.org/@codemirror/lang-html/-/lang-html-0.19.1.tgz",
      "integrity": "sha512-kQwkplKggcNok6gEVpG7Qx4IDFrwEHd99YWVNiOiRzPF019iSDAUmSv5Eh47yZPjF1VXOnm5FSIzgszzkYdiow==",
      "dependencies": {
        "@codemirror/autocomplete": "^0.19.0",
        "@codemirror/highlight": "^0.19.0",
        "@codemirror/lang-css": "^0.19.0",
        "@codemirror/lang-javascript": "^0.19.0",
        "@codemirror/language": "^0.19.0",
        "@codemirror/state": "^0.19.0",
        "@lezer/common": "^0.15.0",
        "@lezer/html": "^0.15.0"
      }
    },
    "node_modules/@codemirror/lang-java": {
      "version": "0.19.1",
      "resolved": "https://registry.npmjs.org/@codemirror/lang-java/-/lang-java-0.19.1.tgz",
      "integrity": "sha512-yA3kcW2GgY0mC2a9dE+uRxGxPWeykfE/GqEPk4TSmhuU4ndmyDgM5QQP7pgnYSZmv2vKoyf4x7NMg8AF7lKXHQ==",
      "dependencies": {
        "@codemirror/highlight": "^0.19.0",
        "@codemirror/language": "^0.19.0",
        "@lezer/java": "^0.15.0"
      }
    },
    "node_modules/@codemirror/lang-javascript": {
      "version": "0.19.1",
      "resolved": "https://registry.npmjs.org/@codemirror/lang-javascript/-/lang-javascript-0.19.1.tgz",
      "integrity": "sha512-fFAP4nkfU36c14K8f6ytVYYeuX/2E7dJ+bD7UCZPWavXYjwdHAgDCJGH84MjhBSh0lMc908We80vyYg1j3MnRQ==",
      "dependencies": {
        "@codemirror/autocomplete": "^0.19.0",
        "@codemirror/highlight": "^0.19.0",
        "@codemirror/language": "^0.19.0",
        "@codemirror/lint": "^0.19.0",
        "@codemirror/state": "^0.19.0",
        "@codemirror/view": "^0.19.0",
        "@lezer/javascript": "^0.15.0"
      }
    },
    "node_modules/@codemirror/lang-php": {
      "version": "0.19.1",
      "resolved": "https://registry.npmjs.org/@codemirror/lang-php/-/lang-php-0.19.1.tgz",
      "integrity": "sha512-Q6djLACHu1J6XbnxWlEPCiyqqDrlZLi9QtjY6b9vqdkq/GOsNaXVv44nDY8DD6Bxi5yYRTJ3yh8XzsKuJgztjQ==",
      "dependencies": {
        "@codemirror/highlight": "^0.19.0",
        "@codemirror/lang-html": "^0.19.0",
        "@codemirror/language": "^0.19.0",
        "@codemirror/state": "^0.19.0",
        "@lezer/common": "^0.15.0",
        "@lezer/php": "^0.15.0"
      }
    },
    "node_modules/@codemirror/lang-python": {
      "version": "0.19.2",
      "resolved": "https://registry.npmjs.org/@codemirror/lang-python/-/lang-python-0.19.2.tgz",
      "integrity": "sha512-qeDymHL97+pNxFiDrtaMFvd/dActt7sZjebPnrc8T2V1CcBkc2YkcaxEOD5dssM/rQ9dG9LqON/Nbk2fIxcapA==",
      "dependencies": {
        "@codemirror/highlight": "^0.19.0",
        "@codemirror/language": "^0.19.0",
        "@lezer/python": "^0.15.0"
      }
    },
    "node_modules/@codemirror/lang-rust": {
      "version": "0.19.1",
      "resolved": "https://registry.npmjs.org/@codemirror/lang-rust/-/lang-rust-0.19.1.tgz",
      "integrity": "sha512-T/LzRC5bMPvkMg11kr/jnpScqsE68B+F0SYqjyQTzQ+666RhHJICDCSlk7wbIrJi/fagpBwvuAmo2LgQ8dcGsQ==",
      "dependencies": {
        "@codemirror/highlight": "^0.19.0",
        "@codemirror/language": "^0.19.0",
        "@lezer/rust": "^0.15.0"
      }
    },
    "node_modules/@codemirror/lang-sql": {
      "version": "0.19.3",
      "resolved": "https://registry.npmjs.org/@codemirror/lang-sql/-/lang-sql-0.19.3.tgz",
      "integrity": "sha512-RsWZKx3x6mHgc8MBt1yvzofOmeB+3OXbviZLkoZMUpl1dAzSdeD4uucVFFOYQF9WHgaMDeQy6J45TSIY5PfTYA==",
      "dependencies": {
        "@codemirror/autocomplete": "^0.19.0",
        "@codemirror/highlight": "^0.19.0",
        "@codemirror/language": "^0.19.0",
        "@codemirror/state": "^0.19.0",
        "@lezer/lr": "^0.15.0"
      }
    },
    "node_modules/@codemirror/language": {
      "version": "0.19.3",
      "resolved": "https://registry.npmjs.org/@codemirror/language/-/language-0.19.3.tgz",
      "integrity": "sha512-6vjkRYHRJg/z9wdAk75nU2fQwCJBsh2HpkIjKXIHfzISSgLt5qSDxVhPd8Uu8PD5WMmFFP8tX7I9kdIt873o0A==",
      "dependencies": {
        "@codemirror/state": "^0.19.0",
        "@codemirror/text": "^0.19.0",
        "@codemirror/view": "^0.19.0",
        "@lezer/common": "^0.15.5",
        "@lezer/lr": "^0.15.0"
      }
    },
    "node_modules/@codemirror/legacy-modes": {
      "version": "0.19.0",
      "resolved": "https://registry.npmjs.org/@codemirror/legacy-modes/-/legacy-modes-0.19.0.tgz",
      "integrity": "sha512-GSPdBNUeyF3nxJ2lztXGp2UoQjn+ggK5z+Kd4tflziecCG1+8mcdudDgFvxDuaTGWyM34S7Ldb4Xv7/XodZtBA==",
      "dependencies": {
        "@codemirror/stream-parser": "^0.19.0"
      }
    },
    "node_modules/@codemirror/lint": {
      "version": "0.19.1",
      "resolved": "https://registry.npmjs.org/@codemirror/lint/-/lint-0.19.1.tgz",
      "integrity": "sha512-Ef0TnXpF4Q4B+lvBdgHexe1dHbvkKBvBHsLB8HwTYffwjekg1YvEM+6zyjyjG9m6s1Ru0VaCNlNwotLaVZjHGQ==",
      "dependencies": {
        "@codemirror/panel": "^0.19.0",
        "@codemirror/state": "^0.19.0",
        "@codemirror/tooltip": "^0.19.0",
        "@codemirror/view": "^0.19.0",
        "crelt": "^1.0.5"
      }
    },
    "node_modules/@codemirror/matchbrackets": {
      "version": "0.19.1",
      "resolved": "https://registry.npmjs.org/@codemirror/matchbrackets/-/matchbrackets-0.19.1.tgz",
      "integrity": "sha512-jBEW2Uu3hWcrrkwkauaikCAE7s5liCwbccFa6rLK6DzwaynOqCKJGyDsbkfrhikofNRc1yh4V3vwUuxt2u4QbA==",
      "dependencies": {
        "@codemirror/language": "^0.19.0",
        "@codemirror/state": "^0.19.0",
        "@codemirror/view": "^0.19.0",
        "@lezer/common": "^0.15.0"
      }
    },
    "node_modules/@codemirror/panel": {
      "version": "0.19.0",
      "resolved": "https://registry.npmjs.org/@codemirror/panel/-/panel-0.19.0.tgz",
      "integrity": "sha512-LJuu49xnuhaAztlhnLJQ57ddOirSyf8/lnl7twsQUG/05RkxodBZ9F7q8r5AOLqOkaQOy9WySEKX1Ur8lD9Q5w==",
      "dependencies": {
        "@codemirror/state": "^0.19.0",
        "@codemirror/view": "^0.19.0"
      }
    },
    "node_modules/@codemirror/rangeset": {
      "version": "0.19.1",
      "resolved": "https://registry.npmjs.org/@codemirror/rangeset/-/rangeset-0.19.1.tgz",
      "integrity": "sha512-WaKTEw8JB/3QFlQzpdgRoklopcWvG8O/Xp+rxxOfFKYTaeaejpY/tjpyBBg+Ea65Ka3m7+pPp9d5j/oR2rd9NA==",
      "dependencies": {
        "@codemirror/state": "^0.19.0"
      }
    },
    "node_modules/@codemirror/state": {
      "version": "0.19.2",
      "resolved": "https://registry.npmjs.org/@codemirror/state/-/state-0.19.2.tgz",
      "integrity": "sha512-dDqCrtkb0c/LYUlvQBLyLfkISEskbZnhvBbcVOF4j2AusJ1ptJ3EGMxBL9G16GP1TOdC1T613gA1J1qc3pbfGQ==",
      "dependencies": {
        "@codemirror/text": "^0.19.0"
      }
    },
    "node_modules/@codemirror/stream-parser": {
      "version": "0.19.2",
      "resolved": "https://registry.npmjs.org/@codemirror/stream-parser/-/stream-parser-0.19.2.tgz",
      "integrity": "sha512-hBKRQlyu8GUOrY33xZ6/1kAfNZ8ZUm6cX9a7mPx8zAAqnpz/fpksC/qJRrkg1mPMBwxm+JG4fqAwDGJ3gLVniQ==",
      "dependencies": {
        "@codemirror/highlight": "^0.19.0",
        "@codemirror/language": "^0.19.0",
        "@codemirror/state": "^0.19.0",
        "@codemirror/text": "^0.19.0",
        "@lezer/common": "^0.15.0",
        "@lezer/lr": "^0.15.0"
      }
    },
    "node_modules/@codemirror/text": {
      "version": "0.19.3",
      "resolved": "https://registry.npmjs.org/@codemirror/text/-/text-0.19.3.tgz",
      "integrity": "sha512-A0HBPZRwQ72XVMN1tg/pVUnvS5CKboBeHZE7cylYw0ljx9eX+NoYaK7apPSJO/Fwh9XhH9m8Va06EGc11VOzUw=="
    },
    "node_modules/@codemirror/theme-one-dark": {
      "version": "0.19.0",
      "resolved": "https://registry.npmjs.org/@codemirror/theme-one-dark/-/theme-one-dark-0.19.0.tgz",
      "integrity": "sha512-Xlk68ARreanFveE+KvZJY4HxecNr+VKDOR61O8l3kzlQ0qvxNXA0KAp1xu4p32pA9jzJqJi5haIgdfWSZogXZg==",
      "dependencies": {
        "@codemirror/highlight": "^0.19.0",
        "@codemirror/state": "^0.19.0",
        "@codemirror/view": "^0.19.0"
      }
    },
    "node_modules/@codemirror/tooltip": {
      "version": "0.19.2",
      "resolved": "https://registry.npmjs.org/@codemirror/tooltip/-/tooltip-0.19.2.tgz",
      "integrity": "sha512-FMMGGLrr62Ck54NEz8yTGpgo8ihobAsC3sbeQg+OpY4jv9dt1yIP5B9LzsIV+TXQB57JZQZxtTqzkhnFq76haw==",
      "dependencies": {
        "@codemirror/state": "^0.19.0",
        "@codemirror/view": "^0.19.0"
      }
    },
    "node_modules/@codemirror/view": {
      "version": "0.19.7",
      "resolved": "https://registry.npmjs.org/@codemirror/view/-/view-0.19.7.tgz",
      "integrity": "sha512-m9AKO8gec/QnyxR1uq182It0WwauTIaHkdjqtdlKx1IRgknH44SKIJIxwxZt4Y6VDhhivcEbugjoadNy0zR3wQ==",
      "dependencies": {
        "@codemirror/rangeset": "^0.19.0",
        "@codemirror/state": "^0.19.2",
        "@codemirror/text": "^0.19.0",
        "style-mod": "^4.0.0",
        "w3c-keyname": "^2.2.4"
      }
    },
    "node_modules/@defasm/codemirror": {
      "version": "1.3.3",
      "resolved": "https://registry.npmjs.org/@defasm/codemirror/-/codemirror-1.3.3.tgz",
      "integrity": "sha512-VSL5Wt7VODHS4k1pH8n8dauiiRp0h5QoCqNXgc46TcNizYZp0M1C17bfDiyd0aRyGnTucaUg/rqhCJrPfav9Qg==",
      "dependencies": {
        "@codemirror/highlight": "",
        "@codemirror/language": "",
        "@codemirror/tooltip": "",
        "@codemirror/view": "",
        "@defasm/core": "",
        "@lezer/common": "",
        "@lezer/lr": ""
      }
    },
    "node_modules/@defasm/core": {
      "version": "2.1.5",
      "resolved": "https://registry.npmjs.org/@defasm/core/-/core-2.1.5.tgz",
      "integrity": "sha512-0dlV5WcH3KJgnXwCnAxUZuz6RaRQesBVPdke6vGwNY1XlMMtCrGL9tcXku9dCNgW81acvUOVVZGsfDXawyjBbw=="
    },
    "node_modules/@lezer/common": {
      "version": "0.15.5",
      "resolved": "https://registry.npmjs.org/@lezer/common/-/common-0.15.5.tgz",
      "integrity": "sha512-ufcjclusHXGdhp4gSPbPD7sUd38SgOej7m5tAEuG2tNPzqzV0d1vwwLh57R6IwW79ml2mb3tUjAoDfqI7v1HEw=="
    },
    "node_modules/@lezer/css": {
      "version": "0.15.1",
      "resolved": "https://registry.npmjs.org/@lezer/css/-/css-0.15.1.tgz",
      "integrity": "sha512-ywBytH6Tr12VFx88loNwObrN2uuDTWIgf4tNCHmTu4ClhfY0cYNcyTqxWx62f3XymTfjX4Ms4eimq17MpEVqqQ==",
      "dependencies": {
        "@lezer/lr": "^0.15.0"
      }
    },
    "node_modules/@lezer/html": {
      "version": "0.15.0",
      "resolved": "https://registry.npmjs.org/@lezer/html/-/html-0.15.0.tgz",
      "integrity": "sha512-ErmgP/Vv0AhYJvs/Ekb9oue4IzBHemKLi7K8tJ0jgS+20Y8FGC9foK6knCXtEHqdPaxVGQH9PVp7gecLnzLd9Q==",
      "dependencies": {
        "@lezer/lr": "^0.15.0"
      }
    },
    "node_modules/@lezer/java": {
      "version": "0.15.0",
      "resolved": "https://registry.npmjs.org/@lezer/java/-/java-0.15.0.tgz",
      "integrity": "sha512-Od2Ugo93XjLxCIEKlrwJfacmSMd7lEnkVQgBjMsZofjwEKZ2Y2ue6URntMFFiftTlNXbE29vYbweWYluEq+Cdw==",
      "dependencies": {
        "@lezer/lr": "^0.15.0"
      }
    },
    "node_modules/@lezer/javascript": {
      "version": "0.15.0",
      "resolved": "https://registry.npmjs.org/@lezer/javascript/-/javascript-0.15.0.tgz",
      "integrity": "sha512-euFjbbyYmxpBls9FyBAKnGLEjaMFqfHvhfueA7M1PitZdieHu8KSblutmcwjpWKIV4eH4uElMZO2cPVe0aFxXA==",
      "dependencies": {
        "@lezer/lr": "^0.15.0"
      }
    },
    "node_modules/@lezer/lr": {
      "version": "0.15.2",
      "resolved": "https://registry.npmjs.org/@lezer/lr/-/lr-0.15.2.tgz",
      "integrity": "sha512-gkQUkKCAw/zxOiTCGhjctV/C+FPmfwqXscM9EGgcYhUZewkLu2AsEl2Vlcral7xtDU0t6xwakT6Fw5jlMvMX6Q==",
      "dependencies": {
        "@lezer/common": "^0.15.0"
      }
    },
    "node_modules/@lezer/php": {
      "version": "0.15.0",
      "resolved": "https://registry.npmjs.org/@lezer/php/-/php-0.15.0.tgz",
      "integrity": "sha512-kU3QSOko0jsv3RLhABPrRD4wEhaWYh2Uh0lTj9Q9BOsBJ5SoADfifO4gHkEDav7AgL/j+ulkKiHiilciTa/RaQ==",
      "dependencies": {
        "@lezer/lr": "^0.15.0"
      }
    },
    "node_modules/@lezer/python": {
      "version": "0.15.0",
      "resolved": "https://registry.npmjs.org/@lezer/python/-/python-0.15.0.tgz",
      "integrity": "sha512-KkbNfjLZCs/Ibx+3mekGu31qz+zCVkXHL+oNftRxB/lsINlz25SURR5z6wb94JpJt0yDFCEtn/2siAUybLOXiA==",
      "dependencies": {
        "@lezer/lr": "^0.15.0"
      }
    },
    "node_modules/@lezer/rust": {
      "version": "0.15.0",
      "resolved": "https://registry.npmjs.org/@lezer/rust/-/rust-0.15.0.tgz",
      "integrity": "sha512-vq7P0P9478Y4J0cKuwChNJjoZBNERyqBJ4wG94gYORKqXmUei/GtIAxu1Ei24BJRPrVHrg0NmC6daFd+i1re1Q==",
      "dependencies": {
        "@lezer/lr": "^0.15.0"
      }
    },
    "node_modules/codemirror": {
      "version": "5.62.3",
      "resolved": "https://registry.npmjs.org/codemirror/-/codemirror-5.62.3.tgz",
      "integrity": "sha512-zZAyOfN8TU67ngqrxhOgtkSAGV9jSpN1snbl8elPtnh9Z5A11daR405+dhLzLnuXrwX0WCShWlybxPN3QC/9Pg==",
      "peer": true
    },
    "node_modules/crelt": {
      "version": "1.0.5",
      "resolved": "https://registry.npmjs.org/crelt/-/crelt-1.0.5.tgz",
      "integrity": "sha512-+BO9wPPi+DWTDcNYhr/W90myha8ptzftZT+LwcmUbbok0rcP/fequmFYCw8NMoH7pkAZQzU78b3kYrlua5a9eA=="
    },
    "node_modules/esbuild": {
      "version": "0.12.28",
      "resolved": "https://registry.npmjs.org/esbuild/-/esbuild-0.12.28.tgz",
      "integrity": "sha512-pZ0FrWZXlvQOATlp14lRSk1N9GkeJ3vLIwOcUoo3ICQn9WNR4rWoNi81pbn6sC1iYUy7QPqNzI3+AEzokwyVcA==",
      "hasInstallScript": true,
      "bin": {
        "esbuild": "bin/esbuild"
      }
    },
    "node_modules/lz-string": {
      "version": "1.4.4",
      "resolved": "https://registry.npmjs.org/lz-string/-/lz-string-1.4.4.tgz",
      "integrity": "sha1-wNjq82BZ9wV5bh40SBHPTEmNOiY=",
      "bin": {
        "lz-string": "bin/bin.js"
      }
    },
    "node_modules/nim-codemirror-mode": {
      "version": "0.3.0",
      "resolved": "https://registry.npmjs.org/nim-codemirror-mode/-/nim-codemirror-mode-0.3.0.tgz",
      "integrity": "sha512-I023hB2XIX58MrO6WsQGZrXbWb5MURJT0jeSqdhQgtO95YzzRAtNQiudugkFiWu+E3xHBLosw4BxIoMs7wyD7g==",
      "peerDependencies": {
        "codemirror": "^5.56.0"
      }
    },
    "node_modules/style-mod": {
      "version": "4.0.0",
      "resolved": "https://registry.npmjs.org/style-mod/-/style-mod-4.0.0.tgz",
      "integrity": "sha512-OPhtyEjyyN9x3nhPsu76f52yUGXiZcgvsrFVtvTkyGRQJ0XK+GPc6ov1z+lRpbeabka+MYEQxOYRnt5nF30aMw=="
    },
    "node_modules/w3c-keyname": {
      "version": "2.2.4",
      "resolved": "https://registry.npmjs.org/w3c-keyname/-/w3c-keyname-2.2.4.tgz",
      "integrity": "sha512-tOhfEwEzFLJzf6d1ZPkYfGj+FWhIpBux9ppoP3rlclw3Z0BZv3N7b7030Z1kYth+6rDuAsXUFr+d0VE6Ed1ikw=="
    }
  },
  "dependencies": {
    "@codemirror/autocomplete": {
      "version": "0.19.3",
      "resolved": "https://registry.npmjs.org/@codemirror/autocomplete/-/autocomplete-0.19.3.tgz",
      "integrity": "sha512-5juP6hVrHAogzQ0JUTQuibE8j1seqeGNJ98qLUPuliI6kLBg5INS4qvUI1Brqye+wYPFu7UHqrrn13RLh5YSzw==",
      "requires": {
        "@codemirror/language": "^0.19.0",
        "@codemirror/state": "^0.19.0",
        "@codemirror/text": "^0.19.2",
        "@codemirror/tooltip": "^0.19.0",
        "@codemirror/view": "^0.19.0",
        "@lezer/common": "^0.15.0"
      }
    },
    "@codemirror/commands": {
      "version": "0.19.4",
      "resolved": "https://registry.npmjs.org/@codemirror/commands/-/commands-0.19.4.tgz",
      "integrity": "sha512-EW6ffAIdu7aGWWwEG4xRcKLR+1RXH7hJqMt5mbrxDSc2xAQBgqxIPFglcMeSkC7qqkwPuqv3xavVh1+0gQ0piQ==",
      "requires": {
        "@codemirror/language": "^0.19.0",
        "@codemirror/matchbrackets": "^0.19.0",
        "@codemirror/state": "^0.19.2",
        "@codemirror/text": "^0.19.0",
        "@codemirror/view": "^0.19.0",
        "@lezer/common": "^0.15.0"
      }
    },
    "@codemirror/gutter": {
      "version": "0.19.2",
      "resolved": "https://registry.npmjs.org/@codemirror/gutter/-/gutter-0.19.2.tgz",
      "integrity": "sha512-xiayxhc9uq1UXiG/r/E3AAYXZt+EtSdgdQXC4nlMHvbfw2EmtryfzGO3HrgasHRyAW8uNCaO9JO4n7mU7rm1rQ==",
      "requires": {
        "@codemirror/rangeset": "^0.19.0",
        "@codemirror/state": "^0.19.0",
        "@codemirror/view": "^0.19.0"
      }
    },
    "@codemirror/highlight": {
      "version": "0.19.5",
      "resolved": "https://registry.npmjs.org/@codemirror/highlight/-/highlight-0.19.5.tgz",
      "integrity": "sha512-JDGEH/l/DGpxG2k+mgqMKcuFURIs42eoTB4H4tN7QmzyW/z/MlNKiHHv7pWXyN+H5QvftK5yctsxUu77EZikmw==",
      "requires": {
        "@codemirror/language": "^0.19.0",
        "@codemirror/rangeset": "^0.19.0",
        "@codemirror/state": "^0.19.0",
        "@codemirror/view": "^0.19.0",
        "@lezer/common": "^0.15.0",
        "style-mod": "^4.0.0"
      }
    },
    "@codemirror/history": {
      "version": "0.19.0",
      "resolved": "https://registry.npmjs.org/@codemirror/history/-/history-0.19.0.tgz",
      "integrity": "sha512-E0H+lncH66IMDhaND9jgkjE7s0dhYfjCPmS+Ig2Yes9I8+UIEecIdObj8c8HPCFGctGg3fxXqRAw2mdHl2Wouw==",
      "requires": {
        "@codemirror/state": "^0.19.0",
        "@codemirror/view": "^0.19.0"
      }
    },
    "@codemirror/lang-css": {
      "version": "0.19.1",
      "resolved": "https://registry.npmjs.org/@codemirror/lang-css/-/lang-css-0.19.1.tgz",
      "integrity": "sha512-Eo1B19MNtDPoAeGyExq4vQZ/T0uvRpZ5NzUfHJisNg0TrZ3/JiLlWNJFTT18bQborNOk36GdzL1Fj39+3gH2Lw==",
      "requires": {
        "@codemirror/autocomplete": "^0.19.0",
        "@codemirror/highlight": "^0.19.0",
        "@codemirror/language": "^0.19.0",
        "@codemirror/state": "^0.19.0",
        "@lezer/css": "^0.15.0"
      }
    },
    "@codemirror/lang-html": {
      "version": "0.19.1",
      "resolved": "https://registry.npmjs.org/@codemirror/lang-html/-/lang-html-0.19.1.tgz",
      "integrity": "sha512-kQwkplKggcNok6gEVpG7Qx4IDFrwEHd99YWVNiOiRzPF019iSDAUmSv5Eh47yZPjF1VXOnm5FSIzgszzkYdiow==",
      "requires": {
        "@codemirror/autocomplete": "^0.19.0",
        "@codemirror/highlight": "^0.19.0",
        "@codemirror/lang-css": "^0.19.0",
        "@codemirror/lang-javascript": "^0.19.0",
        "@codemirror/language": "^0.19.0",
        "@codemirror/state": "^0.19.0",
        "@lezer/common": "^0.15.0",
        "@lezer/html": "^0.15.0"
      }
    },
    "@codemirror/lang-java": {
      "version": "0.19.1",
      "resolved": "https://registry.npmjs.org/@codemirror/lang-java/-/lang-java-0.19.1.tgz",
      "integrity": "sha512-yA3kcW2GgY0mC2a9dE+uRxGxPWeykfE/GqEPk4TSmhuU4ndmyDgM5QQP7pgnYSZmv2vKoyf4x7NMg8AF7lKXHQ==",
      "requires": {
        "@codemirror/highlight": "^0.19.0",
        "@codemirror/language": "^0.19.0",
        "@lezer/java": "^0.15.0"
      }
    },
    "@codemirror/lang-javascript": {
      "version": "0.19.1",
      "resolved": "https://registry.npmjs.org/@codemirror/lang-javascript/-/lang-javascript-0.19.1.tgz",
      "integrity": "sha512-fFAP4nkfU36c14K8f6ytVYYeuX/2E7dJ+bD7UCZPWavXYjwdHAgDCJGH84MjhBSh0lMc908We80vyYg1j3MnRQ==",
      "requires": {
        "@codemirror/autocomplete": "^0.19.0",
        "@codemirror/highlight": "^0.19.0",
        "@codemirror/language": "^0.19.0",
        "@codemirror/lint": "^0.19.0",
        "@codemirror/state": "^0.19.0",
        "@codemirror/view": "^0.19.0",
        "@lezer/javascript": "^0.15.0"
      }
    },
    "@codemirror/lang-php": {
      "version": "0.19.1",
      "resolved": "https://registry.npmjs.org/@codemirror/lang-php/-/lang-php-0.19.1.tgz",
      "integrity": "sha512-Q6djLACHu1J6XbnxWlEPCiyqqDrlZLi9QtjY6b9vqdkq/GOsNaXVv44nDY8DD6Bxi5yYRTJ3yh8XzsKuJgztjQ==",
      "requires": {
        "@codemirror/highlight": "^0.19.0",
        "@codemirror/lang-html": "^0.19.0",
        "@codemirror/language": "^0.19.0",
        "@codemirror/state": "^0.19.0",
        "@lezer/common": "^0.15.0",
        "@lezer/php": "^0.15.0"
      }
    },
    "@codemirror/lang-python": {
      "version": "0.19.2",
      "resolved": "https://registry.npmjs.org/@codemirror/lang-python/-/lang-python-0.19.2.tgz",
      "integrity": "sha512-qeDymHL97+pNxFiDrtaMFvd/dActt7sZjebPnrc8T2V1CcBkc2YkcaxEOD5dssM/rQ9dG9LqON/Nbk2fIxcapA==",
      "requires": {
        "@codemirror/highlight": "^0.19.0",
        "@codemirror/language": "^0.19.0",
        "@lezer/python": "^0.15.0"
      }
    },
    "@codemirror/lang-rust": {
      "version": "0.19.1",
      "resolved": "https://registry.npmjs.org/@codemirror/lang-rust/-/lang-rust-0.19.1.tgz",
      "integrity": "sha512-T/LzRC5bMPvkMg11kr/jnpScqsE68B+F0SYqjyQTzQ+666RhHJICDCSlk7wbIrJi/fagpBwvuAmo2LgQ8dcGsQ==",
      "requires": {
        "@codemirror/highlight": "^0.19.0",
        "@codemirror/language": "^0.19.0",
        "@lezer/rust": "^0.15.0"
      }
    },
    "@codemirror/lang-sql": {
      "version": "0.19.3",
      "resolved": "https://registry.npmjs.org/@codemirror/lang-sql/-/lang-sql-0.19.3.tgz",
      "integrity": "sha512-RsWZKx3x6mHgc8MBt1yvzofOmeB+3OXbviZLkoZMUpl1dAzSdeD4uucVFFOYQF9WHgaMDeQy6J45TSIY5PfTYA==",
      "requires": {
        "@codemirror/autocomplete": "^0.19.0",
        "@codemirror/highlight": "^0.19.0",
        "@codemirror/language": "^0.19.0",
        "@codemirror/state": "^0.19.0",
        "@lezer/lr": "^0.15.0"
      }
    },
    "@codemirror/language": {
      "version": "0.19.3",
      "resolved": "https://registry.npmjs.org/@codemirror/language/-/language-0.19.3.tgz",
      "integrity": "sha512-6vjkRYHRJg/z9wdAk75nU2fQwCJBsh2HpkIjKXIHfzISSgLt5qSDxVhPd8Uu8PD5WMmFFP8tX7I9kdIt873o0A==",
      "requires": {
        "@codemirror/state": "^0.19.0",
        "@codemirror/text": "^0.19.0",
        "@codemirror/view": "^0.19.0",
        "@lezer/common": "^0.15.5",
        "@lezer/lr": "^0.15.0"
      }
    },
    "@codemirror/legacy-modes": {
      "version": "0.19.0",
      "resolved": "https://registry.npmjs.org/@codemirror/legacy-modes/-/legacy-modes-0.19.0.tgz",
      "integrity": "sha512-GSPdBNUeyF3nxJ2lztXGp2UoQjn+ggK5z+Kd4tflziecCG1+8mcdudDgFvxDuaTGWyM34S7Ldb4Xv7/XodZtBA==",
      "requires": {
        "@codemirror/stream-parser": "^0.19.0"
      }
    },
    "@codemirror/lint": {
      "version": "0.19.1",
      "resolved": "https://registry.npmjs.org/@codemirror/lint/-/lint-0.19.1.tgz",
      "integrity": "sha512-Ef0TnXpF4Q4B+lvBdgHexe1dHbvkKBvBHsLB8HwTYffwjekg1YvEM+6zyjyjG9m6s1Ru0VaCNlNwotLaVZjHGQ==",
      "requires": {
        "@codemirror/panel": "^0.19.0",
        "@codemirror/state": "^0.19.0",
        "@codemirror/tooltip": "^0.19.0",
        "@codemirror/view": "^0.19.0",
        "crelt": "^1.0.5"
      }
    },
    "@codemirror/matchbrackets": {
      "version": "0.19.1",
      "resolved": "https://registry.npmjs.org/@codemirror/matchbrackets/-/matchbrackets-0.19.1.tgz",
      "integrity": "sha512-jBEW2Uu3hWcrrkwkauaikCAE7s5liCwbccFa6rLK6DzwaynOqCKJGyDsbkfrhikofNRc1yh4V3vwUuxt2u4QbA==",
      "requires": {
        "@codemirror/language": "^0.19.0",
        "@codemirror/state": "^0.19.0",
        "@codemirror/view": "^0.19.0",
        "@lezer/common": "^0.15.0"
      }
    },
    "@codemirror/panel": {
      "version": "0.19.0",
      "resolved": "https://registry.npmjs.org/@codemirror/panel/-/panel-0.19.0.tgz",
      "integrity": "sha512-LJuu49xnuhaAztlhnLJQ57ddOirSyf8/lnl7twsQUG/05RkxodBZ9F7q8r5AOLqOkaQOy9WySEKX1Ur8lD9Q5w==",
      "requires": {
        "@codemirror/state": "^0.19.0",
        "@codemirror/view": "^0.19.0"
      }
    },
    "@codemirror/rangeset": {
      "version": "0.19.1",
      "resolved": "https://registry.npmjs.org/@codemirror/rangeset/-/rangeset-0.19.1.tgz",
      "integrity": "sha512-WaKTEw8JB/3QFlQzpdgRoklopcWvG8O/Xp+rxxOfFKYTaeaejpY/tjpyBBg+Ea65Ka3m7+pPp9d5j/oR2rd9NA==",
      "requires": {
        "@codemirror/state": "^0.19.0"
      }
    },
    "@codemirror/state": {
      "version": "0.19.2",
      "resolved": "https://registry.npmjs.org/@codemirror/state/-/state-0.19.2.tgz",
      "integrity": "sha512-dDqCrtkb0c/LYUlvQBLyLfkISEskbZnhvBbcVOF4j2AusJ1ptJ3EGMxBL9G16GP1TOdC1T613gA1J1qc3pbfGQ==",
      "requires": {
        "@codemirror/text": "^0.19.0"
      }
    },
    "@codemirror/stream-parser": {
      "version": "0.19.2",
      "resolved": "https://registry.npmjs.org/@codemirror/stream-parser/-/stream-parser-0.19.2.tgz",
      "integrity": "sha512-hBKRQlyu8GUOrY33xZ6/1kAfNZ8ZUm6cX9a7mPx8zAAqnpz/fpksC/qJRrkg1mPMBwxm+JG4fqAwDGJ3gLVniQ==",
      "requires": {
        "@codemirror/highlight": "^0.19.0",
        "@codemirror/language": "^0.19.0",
        "@codemirror/state": "^0.19.0",
        "@codemirror/text": "^0.19.0",
        "@lezer/common": "^0.15.0",
        "@lezer/lr": "^0.15.0"
      }
    },
    "@codemirror/text": {
      "version": "0.19.3",
      "resolved": "https://registry.npmjs.org/@codemirror/text/-/text-0.19.3.tgz",
      "integrity": "sha512-A0HBPZRwQ72XVMN1tg/pVUnvS5CKboBeHZE7cylYw0ljx9eX+NoYaK7apPSJO/Fwh9XhH9m8Va06EGc11VOzUw=="
    },
    "@codemirror/theme-one-dark": {
      "version": "0.19.0",
      "resolved": "https://registry.npmjs.org/@codemirror/theme-one-dark/-/theme-one-dark-0.19.0.tgz",
      "integrity": "sha512-Xlk68ARreanFveE+KvZJY4HxecNr+VKDOR61O8l3kzlQ0qvxNXA0KAp1xu4p32pA9jzJqJi5haIgdfWSZogXZg==",
      "requires": {
        "@codemirror/highlight": "^0.19.0",
        "@codemirror/state": "^0.19.0",
        "@codemirror/view": "^0.19.0"
      }
    },
    "@codemirror/tooltip": {
      "version": "0.19.2",
      "resolved": "https://registry.npmjs.org/@codemirror/tooltip/-/tooltip-0.19.2.tgz",
      "integrity": "sha512-FMMGGLrr62Ck54NEz8yTGpgo8ihobAsC3sbeQg+OpY4jv9dt1yIP5B9LzsIV+TXQB57JZQZxtTqzkhnFq76haw==",
      "requires": {
        "@codemirror/state": "^0.19.0",
        "@codemirror/view": "^0.19.0"
      }
    },
    "@codemirror/view": {
      "version": "0.19.7",
      "resolved": "https://registry.npmjs.org/@codemirror/view/-/view-0.19.7.tgz",
      "integrity": "sha512-m9AKO8gec/QnyxR1uq182It0WwauTIaHkdjqtdlKx1IRgknH44SKIJIxwxZt4Y6VDhhivcEbugjoadNy0zR3wQ==",
      "requires": {
        "@codemirror/rangeset": "^0.19.0",
        "@codemirror/state": "^0.19.2",
        "@codemirror/text": "^0.19.0",
        "style-mod": "^4.0.0",
        "w3c-keyname": "^2.2.4"
      }
    },
    "@defasm/codemirror": {
      "version": "1.3.3",
      "resolved": "https://registry.npmjs.org/@defasm/codemirror/-/codemirror-1.3.3.tgz",
      "integrity": "sha512-VSL5Wt7VODHS4k1pH8n8dauiiRp0h5QoCqNXgc46TcNizYZp0M1C17bfDiyd0aRyGnTucaUg/rqhCJrPfav9Qg==",
      "requires": {
        "@codemirror/highlight": "",
        "@codemirror/language": "",
        "@codemirror/tooltip": "",
        "@codemirror/view": "",
        "@defasm/core": "",
        "@lezer/common": "",
        "@lezer/lr": ""
      }
    },
    "@defasm/core": {
      "version": "2.1.5",
      "resolved": "https://registry.npmjs.org/@defasm/core/-/core-2.1.5.tgz",
      "integrity": "sha512-0dlV5WcH3KJgnXwCnAxUZuz6RaRQesBVPdke6vGwNY1XlMMtCrGL9tcXku9dCNgW81acvUOVVZGsfDXawyjBbw=="
    },
    "@lezer/common": {
      "version": "0.15.5",
      "resolved": "https://registry.npmjs.org/@lezer/common/-/common-0.15.5.tgz",
      "integrity": "sha512-ufcjclusHXGdhp4gSPbPD7sUd38SgOej7m5tAEuG2tNPzqzV0d1vwwLh57R6IwW79ml2mb3tUjAoDfqI7v1HEw=="
    },
    "@lezer/css": {
      "version": "0.15.1",
      "resolved": "https://registry.npmjs.org/@lezer/css/-/css-0.15.1.tgz",
      "integrity": "sha512-ywBytH6Tr12VFx88loNwObrN2uuDTWIgf4tNCHmTu4ClhfY0cYNcyTqxWx62f3XymTfjX4Ms4eimq17MpEVqqQ==",
      "requires": {
        "@lezer/lr": "^0.15.0"
      }
    },
    "@lezer/html": {
      "version": "0.15.0",
      "resolved": "https://registry.npmjs.org/@lezer/html/-/html-0.15.0.tgz",
      "integrity": "sha512-ErmgP/Vv0AhYJvs/Ekb9oue4IzBHemKLi7K8tJ0jgS+20Y8FGC9foK6knCXtEHqdPaxVGQH9PVp7gecLnzLd9Q==",
      "requires": {
        "@lezer/lr": "^0.15.0"
      }
    },
    "@lezer/java": {
      "version": "0.15.0",
      "resolved": "https://registry.npmjs.org/@lezer/java/-/java-0.15.0.tgz",
      "integrity": "sha512-Od2Ugo93XjLxCIEKlrwJfacmSMd7lEnkVQgBjMsZofjwEKZ2Y2ue6URntMFFiftTlNXbE29vYbweWYluEq+Cdw==",
      "requires": {
        "@lezer/lr": "^0.15.0"
      }
    },
    "@lezer/javascript": {
      "version": "0.15.0",
      "resolved": "https://registry.npmjs.org/@lezer/javascript/-/javascript-0.15.0.tgz",
      "integrity": "sha512-euFjbbyYmxpBls9FyBAKnGLEjaMFqfHvhfueA7M1PitZdieHu8KSblutmcwjpWKIV4eH4uElMZO2cPVe0aFxXA==",
      "requires": {
        "@lezer/lr": "^0.15.0"
      }
    },
    "@lezer/lr": {
      "version": "0.15.2",
      "resolved": "https://registry.npmjs.org/@lezer/lr/-/lr-0.15.2.tgz",
      "integrity": "sha512-gkQUkKCAw/zxOiTCGhjctV/C+FPmfwqXscM9EGgcYhUZewkLu2AsEl2Vlcral7xtDU0t6xwakT6Fw5jlMvMX6Q==",
      "requires": {
        "@lezer/common": "^0.15.0"
      }
    },
    "@lezer/php": {
      "version": "0.15.0",
      "resolved": "https://registry.npmjs.org/@lezer/php/-/php-0.15.0.tgz",
      "integrity": "sha512-kU3QSOko0jsv3RLhABPrRD4wEhaWYh2Uh0lTj9Q9BOsBJ5SoADfifO4gHkEDav7AgL/j+ulkKiHiilciTa/RaQ==",
      "requires": {
        "@lezer/lr": "^0.15.0"
      }
    },
    "@lezer/python": {
      "version": "0.15.0",
      "resolved": "https://registry.npmjs.org/@lezer/python/-/python-0.15.0.tgz",
      "integrity": "sha512-KkbNfjLZCs/Ibx+3mekGu31qz+zCVkXHL+oNftRxB/lsINlz25SURR5z6wb94JpJt0yDFCEtn/2siAUybLOXiA==",
      "requires": {
        "@lezer/lr": "^0.15.0"
      }
    },
    "@lezer/rust": {
      "version": "0.15.0",
      "resolved": "https://registry.npmjs.org/@lezer/rust/-/rust-0.15.0.tgz",
      "integrity": "sha512-vq7P0P9478Y4J0cKuwChNJjoZBNERyqBJ4wG94gYORKqXmUei/GtIAxu1Ei24BJRPrVHrg0NmC6daFd+i1re1Q==",
      "requires": {
        "@lezer/lr": "^0.15.0"
      }
    },
    "codemirror": {
      "version": "5.62.3",
      "resolved": "https://registry.npmjs.org/codemirror/-/codemirror-5.62.3.tgz",
      "integrity": "sha512-zZAyOfN8TU67ngqrxhOgtkSAGV9jSpN1snbl8elPtnh9Z5A11daR405+dhLzLnuXrwX0WCShWlybxPN3QC/9Pg==",
      "peer": true
    },
    "crelt": {
      "version": "1.0.5",
      "resolved": "https://registry.npmjs.org/crelt/-/crelt-1.0.5.tgz",
      "integrity": "sha512-+BO9wPPi+DWTDcNYhr/W90myha8ptzftZT+LwcmUbbok0rcP/fequmFYCw8NMoH7pkAZQzU78b3kYrlua5a9eA=="
    },
    "esbuild": {
      "version": "0.12.28",
      "resolved": "https://registry.npmjs.org/esbuild/-/esbuild-0.12.28.tgz",
      "integrity": "sha512-pZ0FrWZXlvQOATlp14lRSk1N9GkeJ3vLIwOcUoo3ICQn9WNR4rWoNi81pbn6sC1iYUy7QPqNzI3+AEzokwyVcA=="
    },
    "lz-string": {
      "version": "1.4.4",
      "resolved": "https://registry.npmjs.org/lz-string/-/lz-string-1.4.4.tgz",
      "integrity": "sha1-wNjq82BZ9wV5bh40SBHPTEmNOiY="
    },
    "nim-codemirror-mode": {
      "version": "0.3.0",
      "resolved": "https://registry.npmjs.org/nim-codemirror-mode/-/nim-codemirror-mode-0.3.0.tgz",
      "integrity": "sha512-I023hB2XIX58MrO6WsQGZrXbWb5MURJT0jeSqdhQgtO95YzzRAtNQiudugkFiWu+E3xHBLosw4BxIoMs7wyD7g==",
      "requires": {}
    },
    "style-mod": {
      "version": "4.0.0",
      "resolved": "https://registry.npmjs.org/style-mod/-/style-mod-4.0.0.tgz",
      "integrity": "sha512-OPhtyEjyyN9x3nhPsu76f52yUGXiZcgvsrFVtvTkyGRQJ0XK+GPc6ov1z+lRpbeabka+MYEQxOYRnt5nF30aMw=="
    },
    "w3c-keyname": {
      "version": "2.2.4",
      "resolved": "https://registry.npmjs.org/w3c-keyname/-/w3c-keyname-2.2.4.tgz",
      "integrity": "sha512-tOhfEwEzFLJzf6d1ZPkYfGj+FWhIpBux9ppoP3rlclw3Z0BZv3N7b7030Z1kYth+6rDuAsXUFr+d0VE6Ed1ikw=="
    }
  }
}
