{
  "name": "code-golf",
  "lockfileVersion": 2,
  "requires": true,
  "packages": {
    "": {
      "dependencies": {
        "@codemirror/closebrackets": "",
        "@codemirror/commands": "",
        "@codemirror/gutter": "",
        "@codemirror/highlight": "",
        "@codemirror/history": "",
        "@codemirror/lang-java": "",
        "@codemirror/lang-javascript": "",
        "@codemirror/lang-python": "",
        "@codemirror/lang-rust": "",
        "@codemirror/lang-sql": "",
        "@codemirror/language": "",
        "@codemirror/legacy-modes": "",
        "@codemirror/matchbrackets": "",
        "@codemirror/state": "",
        "@codemirror/stream-parser": "",
        "@codemirror/view": "",
        "@defasm/codemirror": "",
        "esbuild": ""
      }
    },
    "node_modules/@codemirror/autocomplete": {
      "version": "0.18.5",
      "resolved": "https://registry.npmjs.org/@codemirror/autocomplete/-/autocomplete-0.18.5.tgz",
      "integrity": "sha512-Zp/HMTwvaP4B01HQx+5Ga0xBBLAwNaAlbALip355NPRBkYX9PZheX5b/F5IUAdI6kIrF2eYz1xAOChXgYg9maw==",
      "dependencies": {
        "@codemirror/language": "^0.18.0",
        "@codemirror/state": "^0.18.0",
        "@codemirror/text": "^0.18.0",
        "@codemirror/tooltip": "^0.18.4",
        "@codemirror/view": "^0.18.0",
        "lezer-tree": "^0.13.0"
      }
    },
    "node_modules/@codemirror/closebrackets": {
      "version": "0.18.0",
      "resolved": "https://registry.npmjs.org/@codemirror/closebrackets/-/closebrackets-0.18.0.tgz",
      "integrity": "sha512-O1RAgUkzF4nq/B8IyXenZKZ1rJi2Mc7I6y4IhWhELiTnjyQy7YdAthTsJ40mNr8kZ6gRbasYe3K7TraITElZJA==",
      "dependencies": {
        "@codemirror/language": "^0.18.0",
        "@codemirror/rangeset": "^0.18.0",
        "@codemirror/state": "^0.18.0",
        "@codemirror/text": "^0.18.0",
        "@codemirror/view": "^0.18.0"
      }
    },
    "node_modules/@codemirror/commands": {
      "version": "0.18.2",
      "resolved": "https://registry.npmjs.org/@codemirror/commands/-/commands-0.18.2.tgz",
      "integrity": "sha512-NeIpsQe5yUIhG7sD1HPaw/9TO5V7miMKwGwhT/0tkgkmgnMtJcgnguM1gjaUlaZ09BBJO6s61D8JHNDUvBI6tA==",
      "dependencies": {
        "@codemirror/language": "^0.18.0",
        "@codemirror/matchbrackets": "^0.18.0",
        "@codemirror/state": "^0.18.0",
        "@codemirror/text": "^0.18.0",
        "@codemirror/view": "^0.18.0",
        "lezer-tree": "^0.13.0"
      }
    },
    "node_modules/@codemirror/gutter": {
      "version": "0.18.3",
      "resolved": "https://registry.npmjs.org/@codemirror/gutter/-/gutter-0.18.3.tgz",
      "integrity": "sha512-9ZLpR3s3MCPtB5fpRAy8af89GjO763XB4GE4HLBnESS7E1CHAuHFSTyd/ZqKHZogueF1mJhv9IQnCamEYcNMQw==",
      "dependencies": {
        "@codemirror/rangeset": "^0.18.0",
        "@codemirror/state": "^0.18.0",
        "@codemirror/view": "^0.18.0"
      }
    },
    "node_modules/@codemirror/highlight": {
      "version": "0.18.3",
      "resolved": "https://registry.npmjs.org/@codemirror/highlight/-/highlight-0.18.3.tgz",
      "integrity": "sha512-NmRmkmWl8ht6Y6Y39ghov84AMPCqhUPIH9fmILs2NaWxZFZf4jGCTzrULnmREGsTie+26+LbKUncIU+PBu1Qng==",
      "dependencies": {
        "@codemirror/language": "^0.18.0",
        "@codemirror/rangeset": "^0.18.0",
        "@codemirror/state": "^0.18.0",
        "@codemirror/view": "^0.18.0",
        "lezer-tree": "^0.13.0",
        "style-mod": "^4.0.0"
      }
    },
    "node_modules/@codemirror/history": {
      "version": "0.18.1",
      "resolved": "https://registry.npmjs.org/@codemirror/history/-/history-0.18.1.tgz",
      "integrity": "sha512-Aad3p4zs6UYKCUMXYjh7cvPK0ajuL+rMib9yBZ61w81LLl6OkM31Xrn9J6CLJmPxCwP3OJFiqBmNSBQ05oIsTw==",
      "dependencies": {
        "@codemirror/state": "^0.18.3",
        "@codemirror/view": "^0.18.0"
      }
    },
    "node_modules/@codemirror/lang-java": {
      "version": "0.18.0",
      "resolved": "https://registry.npmjs.org/@codemirror/lang-java/-/lang-java-0.18.0.tgz",
      "integrity": "sha512-+lPhCEfwZ+3L39cRNbeRFm/bDbHHAnz/7t+OIVdjD7tsXrOtmJw98B8Te1ICINKd02ot0QBvuCN3/KQUd0RZuQ==",
      "dependencies": {
        "@codemirror/highlight": "^0.18.0",
        "@codemirror/language": "^0.18.0",
        "lezer-java": "^0.13.0"
      }
    },
    "node_modules/@codemirror/lang-javascript": {
      "version": "0.18.0",
      "resolved": "https://registry.npmjs.org/@codemirror/lang-javascript/-/lang-javascript-0.18.0.tgz",
      "integrity": "sha512-4KOkwXED9v39c17pIWoy+WKrNAYaKnAR/RRF8QZIqpuYjnMwGTe7GxMKKdq7E557fGzCVr7m34Qy7Gkhr5B41g==",
      "dependencies": {
        "@codemirror/autocomplete": "^0.18.0",
        "@codemirror/highlight": "^0.18.0",
        "@codemirror/language": "^0.18.0",
        "@codemirror/lint": "^0.18.0",
        "@codemirror/state": "^0.18.0",
        "@codemirror/view": "^0.18.0",
        "lezer-javascript": "^0.13.0"
      }
    },
    "node_modules/@codemirror/lang-python": {
      "version": "0.18.0",
      "resolved": "https://registry.npmjs.org/@codemirror/lang-python/-/lang-python-0.18.0.tgz",
      "integrity": "sha512-SZrt+TXD3uih4Cb8lTm7yt7JLIqehgI77PdGQXlPcYB/LHQdOuOPzXOXf8jqu/K+PRN72BFxfvb13teaxdERaQ==",
      "dependencies": {
        "@codemirror/highlight": "^0.18.0",
        "@codemirror/language": "^0.18.0",
        "lezer-python": "^0.13.0"
      }
    },
    "node_modules/@codemirror/lang-rust": {
      "version": "0.18.0",
      "resolved": "https://registry.npmjs.org/@codemirror/lang-rust/-/lang-rust-0.18.0.tgz",
      "integrity": "sha512-qlzSzDmiUr4UsgQvyRSchMC4xZGX/1FfsikWOC/NL4m7peqlZLWrvzve0z/WNsLvbEC/E+GiiftxdUsqFYsJAg==",
      "dependencies": {
        "@codemirror/highlight": "^0.18.0",
        "@codemirror/language": "^0.18.0",
        "lezer-rust": "^0.13.0"
      }
    },
    "node_modules/@codemirror/lang-sql": {
      "version": "0.18.0",
      "resolved": "https://registry.npmjs.org/@codemirror/lang-sql/-/lang-sql-0.18.0.tgz",
      "integrity": "sha512-jNzpfiZLo0vTv/7KoJ7mzukuDhUSh3p1csR8ZXhZolEhp9bXyN4BwravbfoiiAdsiX9N8w65yd03EIlBUL0zHQ==",
      "dependencies": {
        "@codemirror/autocomplete": "^0.18.0",
        "@codemirror/highlight": "^0.18.0",
        "@codemirror/language": "^0.18.0",
        "@codemirror/state": "^0.18.0",
        "lezer": "^0.13.0"
      }
    },
    "node_modules/@codemirror/language": {
      "version": "0.18.1",
      "resolved": "https://registry.npmjs.org/@codemirror/language/-/language-0.18.1.tgz",
      "integrity": "sha512-j/TWV8sNmzU79kk/hPLb9NqSPoH59850kQSpgY11LxOEBlKVRKgaWabgNtUCSeVCAnfisGekupk3aq2ftILqug==",
      "dependencies": {
        "@codemirror/state": "^0.18.0",
        "@codemirror/text": "^0.18.0",
        "@codemirror/view": "^0.18.0",
        "lezer": "^0.13.4",
        "lezer-tree": "^0.13.0"
      }
    },
    "node_modules/@codemirror/legacy-modes": {
      "version": "0.18.0",
      "resolved": "https://registry.npmjs.org/@codemirror/legacy-modes/-/legacy-modes-0.18.0.tgz",
      "integrity": "sha512-ME/FnBTRf+nriCB1Racmwhl3tSSnIOobhLyK0kOX6mogKdcdkRxSVpeo1fAC8DddsXqi/NKRn8GUr/vUiHefdg==",
      "dependencies": {
        "@codemirror/stream-parser": "^0.18.0"
      }
    },
    "node_modules/@codemirror/lint": {
      "version": "0.18.3",
      "resolved": "https://registry.npmjs.org/@codemirror/lint/-/lint-0.18.3.tgz",
      "integrity": "sha512-ORD8bGQRv5FATJ/LUmhaVPz69ucNjMCQ53WF8TqYMw6KtlTwAFsi+GvEhYyav7CdXPAXS/Z/j0C0Op8d1Dp+lQ==",
      "dependencies": {
        "@codemirror/panel": "^0.18.1",
        "@codemirror/state": "^0.18.0",
        "@codemirror/tooltip": "^0.18.4",
        "@codemirror/view": "^0.18.0",
        "crelt": "^1.0.5"
      }
    },
    "node_modules/@codemirror/matchbrackets": {
      "version": "0.18.0",
      "resolved": "https://registry.npmjs.org/@codemirror/matchbrackets/-/matchbrackets-0.18.0.tgz",
      "integrity": "sha512-dPDopnZVkD54sSYdmQbyQbPdiuIA83p7XxX6Hp1ScEkOjukwCiFXiA/84x10FUTsQpUYp8bDzm7gwII119bGIw==",
      "dependencies": {
        "@codemirror/language": "^0.18.0",
        "@codemirror/state": "^0.18.0",
        "@codemirror/view": "^0.18.0",
        "lezer-tree": "^0.13.0"
      }
    },
    "node_modules/@codemirror/panel": {
      "version": "0.18.1",
      "resolved": "https://registry.npmjs.org/@codemirror/panel/-/panel-0.18.1.tgz",
      "integrity": "sha512-5Zo9cUw0QDlFzX4nhIDYjTARPOnPk5rzxAUQo1O35kTLV+6zRh7wsGlvU7VrZnBcIoaAmHfKrZ4lt6+h7fbFGw==",
      "dependencies": {
        "@codemirror/state": "^0.18.0",
        "@codemirror/view": "^0.18.0"
      }
    },
    "node_modules/@codemirror/rangeset": {
      "version": "0.18.1",
      "resolved": "https://registry.npmjs.org/@codemirror/rangeset/-/rangeset-0.18.1.tgz",
      "integrity": "sha512-Q+t92KlvDDD9oNXOvYHNL3kEUF1Y595OjSsl5GNZYI2JPY8IW9PoH1z37sgqgxMMuWQrDNp6AOrnd2j/7uBhFA==",
      "dependencies": {
        "@codemirror/state": "^0.18.0"
      }
    },
    "node_modules/@codemirror/state": {
      "version": "0.18.7",
      "resolved": "https://registry.npmjs.org/@codemirror/state/-/state-0.18.7.tgz",
      "integrity": "sha512-cVyTiAC9vv90NKmGOfNtBjyIem3BqKui1L5Hfcxurp8K9votQj2oH9COcgWPnQ2Xs64yC70tEuTt9DF1pj5PFQ==",
      "dependencies": {
        "@codemirror/text": "^0.18.0"
      }
    },
    "node_modules/@codemirror/stream-parser": {
      "version": "0.18.2",
      "resolved": "https://registry.npmjs.org/@codemirror/stream-parser/-/stream-parser-0.18.2.tgz",
      "integrity": "sha512-3RTRmhIixcC2ps/G8So+BL0qJkwaspjyYt4smVYlSn4eNbxGK9K2RCnSmOPRv0SkuQMu3oUFbprFI/SbtZrPKg==",
      "dependencies": {
        "@codemirror/highlight": "^0.18.0",
        "@codemirror/language": "^0.18.0",
        "@codemirror/state": "^0.18.0",
        "@codemirror/text": "^0.18.0",
        "lezer": "^0.13.0",
        "lezer-tree": "^0.13.0"
      }
    },
    "node_modules/@codemirror/text": {
      "version": "0.18.0",
      "resolved": "https://registry.npmjs.org/@codemirror/text/-/text-0.18.0.tgz",
      "integrity": "sha512-HMzHNIAbjCiCf3tEJMRg6ul01KPuXxQGNiHlHgAnqPguq/CX+L4Nvj5JlWQAI91Pupk18zhmM1c6eaazX4YeTg=="
    },
    "node_modules/@codemirror/tooltip": {
      "version": "0.18.4",
      "resolved": "https://registry.npmjs.org/@codemirror/tooltip/-/tooltip-0.18.4.tgz",
      "integrity": "sha512-LDlDOSEfjoG24uapLN7exK3Z3JchYFKUwWqo1x/9YdlAkmD1ik7cMSQZboCquP1uJVcXhtbpKmaO6vENGVaarg==",
      "dependencies": {
        "@codemirror/state": "^0.18.0",
        "@codemirror/view": "^0.18.0"
      }
    },
    "node_modules/@codemirror/view": {
      "version": "0.18.12",
      "resolved": "https://registry.npmjs.org/@codemirror/view/-/view-0.18.12.tgz",
      "integrity": "sha512-8PLqxl136aRiNO9dIKuB4CIMP6pgHAMXIbM0HxYMdFiLKaAH+nnvVFJVKCY3DUqaEWBB9R+OvUPVa0Rx/LpqLw==",
      "dependencies": {
        "@codemirror/rangeset": "^0.18.0",
        "@codemirror/state": "^0.18.0",
        "@codemirror/text": "^0.18.0",
        "style-mod": "^4.0.0",
        "w3c-keyname": "^2.2.4"
      }
    },
    "node_modules/@defasm/codemirror": {
      "version": "1.1.0",
      "resolved": "https://registry.npmjs.org/@defasm/codemirror/-/codemirror-1.1.0.tgz",
      "integrity": "sha512-ErXHeaW1F+tYmuqNQpu2nyvN1NBMQdjBQtIkhi5CPrpqzJoviUTaBi3cXkZZLX2fJD/q/sKLqMtdeBZh45qj/w==",
      "dependencies": {
        "@codemirror/highlight": "",
        "@codemirror/language": "",
        "@codemirror/tooltip": "",
        "@codemirror/view": "",
        "@defasm/core": "",
        "lezer-generator": ""
      }
    },
    "node_modules/@defasm/core": {
      "version": "1.2.0",
      "resolved": "https://registry.npmjs.org/@defasm/core/-/core-1.2.0.tgz",
      "integrity": "sha512-cIVgPSamDe1Kyjr9sVFY32amixNG01IgvQ3AWj2b5d20ThUdFRFvNxxqnOw40Z+uUkUWBJPQZ1c/r7a2gY9WFg==",
      "bin": {
        "defasm": "main.js"
      }
    },
    "node_modules/crelt": {
      "version": "1.0.5",
      "resolved": "https://registry.npmjs.org/crelt/-/crelt-1.0.5.tgz",
      "integrity": "sha512-+BO9wPPi+DWTDcNYhr/W90myha8ptzftZT+LwcmUbbok0rcP/fequmFYCw8NMoH7pkAZQzU78b3kYrlua5a9eA=="
    },
    "node_modules/esbuild": {
      "version": "0.11.23",
      "resolved": "https://registry.npmjs.org/esbuild/-/esbuild-0.11.23.tgz",
      "integrity": "sha512-iaiZZ9vUF5wJV8ob1tl+5aJTrwDczlvGP0JoMmnpC2B0ppiMCu8n8gmy5ZTGl5bcG081XBVn+U+jP+mPFm5T5Q==",
      "hasInstallScript": true,
      "bin": {
        "esbuild": "bin/esbuild"
      }
    },
    "node_modules/lezer": {
      "version": "0.13.5",
      "resolved": "https://registry.npmjs.org/lezer/-/lezer-0.13.5.tgz",
      "integrity": "sha512-cAiMQZGUo2BD8mpcz7Nv1TlKzWP7YIdIRrX41CiP5bk5t4GHxskOxWUx2iAOuHlz8dO+ivbuXr0J1bfHsWD+lQ==",
      "dependencies": {
        "lezer-tree": "^0.13.2"
      }
    },
    "node_modules/lezer-generator": {
      "version": "0.13.4",
      "resolved": "https://registry.npmjs.org/lezer-generator/-/lezer-generator-0.13.4.tgz",
      "integrity": "sha512-pTWxEgw6U41jM/IwMbhPBPonrcQV5YYL3XoY4QPR7ibOjgo2RaF4wVrdabN1ILtBbGvtHZekTGyrbsqfKnMHMA==",
      "dependencies": {
        "lezer": "^0.13.2"
      },
      "bin": {
        "lezer-generator": "dist/lezer-generator.cjs"
      }
    },
    "node_modules/lezer-java": {
      "version": "0.13.2",
      "resolved": "https://registry.npmjs.org/lezer-java/-/lezer-java-0.13.2.tgz",
      "integrity": "sha512-+BMv172xMTK5zZK0O3BM8SbQ0NK7Z99O5/QWnwt46j6fTGr79HO4n/nuxzzCmq0mQFcweqV2x3QG/L/6zRb7dQ==",
      "dependencies": {
        "lezer": "^0.13.0"
      }
    },
    "node_modules/lezer-javascript": {
      "version": "0.13.4",
      "resolved": "https://registry.npmjs.org/lezer-javascript/-/lezer-javascript-0.13.4.tgz",
      "integrity": "sha512-nhRbeSwPZo2xVYq6TWyUhi/r9j0CFSUpkuA5J992Az2AYZFw2HnGVjixfP43DKufL+npJwSy0qcCcAHFQ2bFOQ==",
      "dependencies": {
        "lezer": "^0.13.0"
      }
    },
    "node_modules/lezer-python": {
      "version": "0.13.6",
      "resolved": "https://registry.npmjs.org/lezer-python/-/lezer-python-0.13.6.tgz",
      "integrity": "sha512-cUZSilL3BZ+ssDkvGSOdxfL0ioajEPijWuQ31Z5vAFW8Ons53d5FILYnxRcGhZlwmBnn4cDAtxZyny0K+l6AEw==",
      "dependencies": {
        "lezer": "^0.13.2"
      }
    },
    "node_modules/lezer-rust": {
      "version": "0.13.1",
      "resolved": "https://registry.npmjs.org/lezer-rust/-/lezer-rust-0.13.1.tgz",
      "integrity": "sha512-mn27bruCQfgKsyUV4vW/cUcUtZ0TjwNOFR299ZQxfxKSs4UUg0b6Jvu436ROYo5lxquKXf2BQdFWSttMoSlysg==",
      "dependencies": {
        "lezer": "^0.13.0"
      }
    },
    "node_modules/lezer-tree": {
      "version": "0.13.2",
      "resolved": "https://registry.npmjs.org/lezer-tree/-/lezer-tree-0.13.2.tgz",
      "integrity": "sha512-15ZxW8TxVNAOkHIo43Iouv4zbSkQQ5chQHBpwXcD2bBFz46RB4jYLEEww5l1V0xyIx9U2clSyyrLes+hAUFrGQ=="
    },
    "node_modules/style-mod": {
      "version": "4.0.0",
      "resolved": "https://registry.npmjs.org/style-mod/-/style-mod-4.0.0.tgz",
      "integrity": "sha512-OPhtyEjyyN9x3nhPsu76f52yUGXiZcgvsrFVtvTkyGRQJ0XK+GPc6ov1z+lRpbeabka+MYEQxOYRnt5nF30aMw=="
    },
    "node_modules/w3c-keyname": {
      "version": "2.2.4",
      "resolved": "https://registry.npmjs.org/w3c-keyname/-/w3c-keyname-2.2.4.tgz",
      "integrity": "sha512-tOhfEwEzFLJzf6d1ZPkYfGj+FWhIpBux9ppoP3rlclw3Z0BZv3N7b7030Z1kYth+6rDuAsXUFr+d0VE6Ed1ikw=="
    }
  },
  "dependencies": {
    "@codemirror/autocomplete": {
      "version": "0.18.5",
      "resolved": "https://registry.npmjs.org/@codemirror/autocomplete/-/autocomplete-0.18.5.tgz",
      "integrity": "sha512-Zp/HMTwvaP4B01HQx+5Ga0xBBLAwNaAlbALip355NPRBkYX9PZheX5b/F5IUAdI6kIrF2eYz1xAOChXgYg9maw==",
      "requires": {
        "@codemirror/language": "^0.18.0",
        "@codemirror/state": "^0.18.0",
        "@codemirror/text": "^0.18.0",
        "@codemirror/tooltip": "^0.18.4",
        "@codemirror/view": "^0.18.0",
        "lezer-tree": "^0.13.0"
      }
    },
    "@codemirror/closebrackets": {
      "version": "0.18.0",
      "resolved": "https://registry.npmjs.org/@codemirror/closebrackets/-/closebrackets-0.18.0.tgz",
      "integrity": "sha512-O1RAgUkzF4nq/B8IyXenZKZ1rJi2Mc7I6y4IhWhELiTnjyQy7YdAthTsJ40mNr8kZ6gRbasYe3K7TraITElZJA==",
      "requires": {
        "@codemirror/language": "^0.18.0",
        "@codemirror/rangeset": "^0.18.0",
        "@codemirror/state": "^0.18.0",
        "@codemirror/text": "^0.18.0",
        "@codemirror/view": "^0.18.0"
      }
    },
    "@codemirror/commands": {
      "version": "0.18.2",
      "resolved": "https://registry.npmjs.org/@codemirror/commands/-/commands-0.18.2.tgz",
      "integrity": "sha512-NeIpsQe5yUIhG7sD1HPaw/9TO5V7miMKwGwhT/0tkgkmgnMtJcgnguM1gjaUlaZ09BBJO6s61D8JHNDUvBI6tA==",
      "requires": {
        "@codemirror/language": "^0.18.0",
        "@codemirror/matchbrackets": "^0.18.0",
        "@codemirror/state": "^0.18.0",
        "@codemirror/text": "^0.18.0",
        "@codemirror/view": "^0.18.0",
        "lezer-tree": "^0.13.0"
      }
    },
    "@codemirror/gutter": {
      "version": "0.18.3",
      "resolved": "https://registry.npmjs.org/@codemirror/gutter/-/gutter-0.18.3.tgz",
      "integrity": "sha512-9ZLpR3s3MCPtB5fpRAy8af89GjO763XB4GE4HLBnESS7E1CHAuHFSTyd/ZqKHZogueF1mJhv9IQnCamEYcNMQw==",
      "requires": {
        "@codemirror/rangeset": "^0.18.0",
        "@codemirror/state": "^0.18.0",
        "@codemirror/view": "^0.18.0"
      }
    },
    "@codemirror/highlight": {
      "version": "0.18.3",
      "resolved": "https://registry.npmjs.org/@codemirror/highlight/-/highlight-0.18.3.tgz",
      "integrity": "sha512-NmRmkmWl8ht6Y6Y39ghov84AMPCqhUPIH9fmILs2NaWxZFZf4jGCTzrULnmREGsTie+26+LbKUncIU+PBu1Qng==",
      "requires": {
        "@codemirror/language": "^0.18.0",
        "@codemirror/rangeset": "^0.18.0",
        "@codemirror/state": "^0.18.0",
        "@codemirror/view": "^0.18.0",
        "lezer-tree": "^0.13.0",
        "style-mod": "^4.0.0"
      }
    },
    "@codemirror/history": {
      "version": "0.18.1",
      "resolved": "https://registry.npmjs.org/@codemirror/history/-/history-0.18.1.tgz",
      "integrity": "sha512-Aad3p4zs6UYKCUMXYjh7cvPK0ajuL+rMib9yBZ61w81LLl6OkM31Xrn9J6CLJmPxCwP3OJFiqBmNSBQ05oIsTw==",
      "requires": {
        "@codemirror/state": "^0.18.3",
        "@codemirror/view": "^0.18.0"
      }
    },
    "@codemirror/lang-java": {
      "version": "0.18.0",
      "resolved": "https://registry.npmjs.org/@codemirror/lang-java/-/lang-java-0.18.0.tgz",
      "integrity": "sha512-+lPhCEfwZ+3L39cRNbeRFm/bDbHHAnz/7t+OIVdjD7tsXrOtmJw98B8Te1ICINKd02ot0QBvuCN3/KQUd0RZuQ==",
      "requires": {
        "@codemirror/highlight": "^0.18.0",
        "@codemirror/language": "^0.18.0",
        "lezer-java": "^0.13.0"
      }
    },
    "@codemirror/lang-javascript": {
      "version": "0.18.0",
      "resolved": "https://registry.npmjs.org/@codemirror/lang-javascript/-/lang-javascript-0.18.0.tgz",
      "integrity": "sha512-4KOkwXED9v39c17pIWoy+WKrNAYaKnAR/RRF8QZIqpuYjnMwGTe7GxMKKdq7E557fGzCVr7m34Qy7Gkhr5B41g==",
      "requires": {
        "@codemirror/autocomplete": "^0.18.0",
        "@codemirror/highlight": "^0.18.0",
        "@codemirror/language": "^0.18.0",
        "@codemirror/lint": "^0.18.0",
        "@codemirror/state": "^0.18.0",
        "@codemirror/view": "^0.18.0",
        "lezer-javascript": "^0.13.0"
      }
    },
    "@codemirror/lang-python": {
      "version": "0.18.0",
      "resolved": "https://registry.npmjs.org/@codemirror/lang-python/-/lang-python-0.18.0.tgz",
      "integrity": "sha512-SZrt+TXD3uih4Cb8lTm7yt7JLIqehgI77PdGQXlPcYB/LHQdOuOPzXOXf8jqu/K+PRN72BFxfvb13teaxdERaQ==",
      "requires": {
        "@codemirror/highlight": "^0.18.0",
        "@codemirror/language": "^0.18.0",
        "lezer-python": "^0.13.0"
      }
    },
    "@codemirror/lang-rust": {
      "version": "0.18.0",
      "resolved": "https://registry.npmjs.org/@codemirror/lang-rust/-/lang-rust-0.18.0.tgz",
      "integrity": "sha512-qlzSzDmiUr4UsgQvyRSchMC4xZGX/1FfsikWOC/NL4m7peqlZLWrvzve0z/WNsLvbEC/E+GiiftxdUsqFYsJAg==",
      "requires": {
        "@codemirror/highlight": "^0.18.0",
        "@codemirror/language": "^0.18.0",
        "lezer-rust": "^0.13.0"
      }
    },
    "@codemirror/lang-sql": {
      "version": "0.18.0",
      "resolved": "https://registry.npmjs.org/@codemirror/lang-sql/-/lang-sql-0.18.0.tgz",
      "integrity": "sha512-jNzpfiZLo0vTv/7KoJ7mzukuDhUSh3p1csR8ZXhZolEhp9bXyN4BwravbfoiiAdsiX9N8w65yd03EIlBUL0zHQ==",
      "requires": {
        "@codemirror/autocomplete": "^0.18.0",
        "@codemirror/highlight": "^0.18.0",
        "@codemirror/language": "^0.18.0",
        "@codemirror/state": "^0.18.0",
        "lezer": "^0.13.0"
      }
    },
    "@codemirror/language": {
      "version": "0.18.1",
      "resolved": "https://registry.npmjs.org/@codemirror/language/-/language-0.18.1.tgz",
      "integrity": "sha512-j/TWV8sNmzU79kk/hPLb9NqSPoH59850kQSpgY11LxOEBlKVRKgaWabgNtUCSeVCAnfisGekupk3aq2ftILqug==",
      "requires": {
        "@codemirror/state": "^0.18.0",
        "@codemirror/text": "^0.18.0",
        "@codemirror/view": "^0.18.0",
        "lezer": "^0.13.4",
        "lezer-tree": "^0.13.0"
      }
    },
    "@codemirror/legacy-modes": {
      "version": "0.18.0",
      "resolved": "https://registry.npmjs.org/@codemirror/legacy-modes/-/legacy-modes-0.18.0.tgz",
      "integrity": "sha512-ME/FnBTRf+nriCB1Racmwhl3tSSnIOobhLyK0kOX6mogKdcdkRxSVpeo1fAC8DddsXqi/NKRn8GUr/vUiHefdg==",
      "requires": {
        "@codemirror/stream-parser": "^0.18.0"
      }
    },
    "@codemirror/lint": {
      "version": "0.18.3",
      "resolved": "https://registry.npmjs.org/@codemirror/lint/-/lint-0.18.3.tgz",
      "integrity": "sha512-ORD8bGQRv5FATJ/LUmhaVPz69ucNjMCQ53WF8TqYMw6KtlTwAFsi+GvEhYyav7CdXPAXS/Z/j0C0Op8d1Dp+lQ==",
      "requires": {
        "@codemirror/panel": "^0.18.1",
        "@codemirror/state": "^0.18.0",
        "@codemirror/tooltip": "^0.18.4",
        "@codemirror/view": "^0.18.0",
        "crelt": "^1.0.5"
      }
    },
    "@codemirror/matchbrackets": {
      "version": "0.18.0",
      "resolved": "https://registry.npmjs.org/@codemirror/matchbrackets/-/matchbrackets-0.18.0.tgz",
      "integrity": "sha512-dPDopnZVkD54sSYdmQbyQbPdiuIA83p7XxX6Hp1ScEkOjukwCiFXiA/84x10FUTsQpUYp8bDzm7gwII119bGIw==",
      "requires": {
        "@codemirror/language": "^0.18.0",
        "@codemirror/state": "^0.18.0",
        "@codemirror/view": "^0.18.0",
        "lezer-tree": "^0.13.0"
      }
    },
    "@codemirror/panel": {
      "version": "0.18.1",
      "resolved": "https://registry.npmjs.org/@codemirror/panel/-/panel-0.18.1.tgz",
      "integrity": "sha512-5Zo9cUw0QDlFzX4nhIDYjTARPOnPk5rzxAUQo1O35kTLV+6zRh7wsGlvU7VrZnBcIoaAmHfKrZ4lt6+h7fbFGw==",
      "requires": {
        "@codemirror/state": "^0.18.0",
        "@codemirror/view": "^0.18.0"
      }
    },
    "@codemirror/rangeset": {
      "version": "0.18.1",
      "resolved": "https://registry.npmjs.org/@codemirror/rangeset/-/rangeset-0.18.1.tgz",
      "integrity": "sha512-Q+t92KlvDDD9oNXOvYHNL3kEUF1Y595OjSsl5GNZYI2JPY8IW9PoH1z37sgqgxMMuWQrDNp6AOrnd2j/7uBhFA==",
      "requires": {
        "@codemirror/state": "^0.18.0"
      }
    },
    "@codemirror/state": {
      "version": "0.18.7",
      "resolved": "https://registry.npmjs.org/@codemirror/state/-/state-0.18.7.tgz",
      "integrity": "sha512-cVyTiAC9vv90NKmGOfNtBjyIem3BqKui1L5Hfcxurp8K9votQj2oH9COcgWPnQ2Xs64yC70tEuTt9DF1pj5PFQ==",
      "requires": {
        "@codemirror/text": "^0.18.0"
      }
    },
    "@codemirror/stream-parser": {
      "version": "0.18.2",
      "resolved": "https://registry.npmjs.org/@codemirror/stream-parser/-/stream-parser-0.18.2.tgz",
      "integrity": "sha512-3RTRmhIixcC2ps/G8So+BL0qJkwaspjyYt4smVYlSn4eNbxGK9K2RCnSmOPRv0SkuQMu3oUFbprFI/SbtZrPKg==",
      "requires": {
        "@codemirror/highlight": "^0.18.0",
        "@codemirror/language": "^0.18.0",
        "@codemirror/state": "^0.18.0",
        "@codemirror/text": "^0.18.0",
        "lezer": "^0.13.0",
        "lezer-tree": "^0.13.0"
      }
    },
    "@codemirror/text": {
      "version": "0.18.0",
      "resolved": "https://registry.npmjs.org/@codemirror/text/-/text-0.18.0.tgz",
      "integrity": "sha512-HMzHNIAbjCiCf3tEJMRg6ul01KPuXxQGNiHlHgAnqPguq/CX+L4Nvj5JlWQAI91Pupk18zhmM1c6eaazX4YeTg=="
    },
    "@codemirror/tooltip": {
      "version": "0.18.4",
      "resolved": "https://registry.npmjs.org/@codemirror/tooltip/-/tooltip-0.18.4.tgz",
      "integrity": "sha512-LDlDOSEfjoG24uapLN7exK3Z3JchYFKUwWqo1x/9YdlAkmD1ik7cMSQZboCquP1uJVcXhtbpKmaO6vENGVaarg==",
      "requires": {
        "@codemirror/state": "^0.18.0",
        "@codemirror/view": "^0.18.0"
      }
    },
    "@codemirror/view": {
      "version": "0.18.12",
      "resolved": "https://registry.npmjs.org/@codemirror/view/-/view-0.18.12.tgz",
      "integrity": "sha512-8PLqxl136aRiNO9dIKuB4CIMP6pgHAMXIbM0HxYMdFiLKaAH+nnvVFJVKCY3DUqaEWBB9R+OvUPVa0Rx/LpqLw==",
      "requires": {
        "@codemirror/rangeset": "^0.18.0",
        "@codemirror/state": "^0.18.0",
        "@codemirror/text": "^0.18.0",
        "style-mod": "^4.0.0",
        "w3c-keyname": "^2.2.4"
      }
    },
    "@defasm/codemirror": {
      "version": "1.1.0",
      "resolved": "https://registry.npmjs.org/@defasm/codemirror/-/codemirror-1.1.0.tgz",
      "integrity": "sha512-ErXHeaW1F+tYmuqNQpu2nyvN1NBMQdjBQtIkhi5CPrpqzJoviUTaBi3cXkZZLX2fJD/q/sKLqMtdeBZh45qj/w==",
      "requires": {
        "@codemirror/highlight": "",
        "@codemirror/language": "",
        "@codemirror/tooltip": "",
        "@codemirror/view": "",
        "@defasm/core": "",
        "lezer-generator": ""
      }
    },
    "@defasm/core": {
      "version": "1.2.0",
      "resolved": "https://registry.npmjs.org/@defasm/core/-/core-1.2.0.tgz",
      "integrity": "sha512-cIVgPSamDe1Kyjr9sVFY32amixNG01IgvQ3AWj2b5d20ThUdFRFvNxxqnOw40Z+uUkUWBJPQZ1c/r7a2gY9WFg=="
    },
    "crelt": {
      "version": "1.0.5",
      "resolved": "https://registry.npmjs.org/crelt/-/crelt-1.0.5.tgz",
      "integrity": "sha512-+BO9wPPi+DWTDcNYhr/W90myha8ptzftZT+LwcmUbbok0rcP/fequmFYCw8NMoH7pkAZQzU78b3kYrlua5a9eA=="
    },
    "esbuild": {
      "version": "0.11.23",
      "resolved": "https://registry.npmjs.org/esbuild/-/esbuild-0.11.23.tgz",
      "integrity": "sha512-iaiZZ9vUF5wJV8ob1tl+5aJTrwDczlvGP0JoMmnpC2B0ppiMCu8n8gmy5ZTGl5bcG081XBVn+U+jP+mPFm5T5Q=="
    },
    "lezer": {
      "version": "0.13.5",
      "resolved": "https://registry.npmjs.org/lezer/-/lezer-0.13.5.tgz",
      "integrity": "sha512-cAiMQZGUo2BD8mpcz7Nv1TlKzWP7YIdIRrX41CiP5bk5t4GHxskOxWUx2iAOuHlz8dO+ivbuXr0J1bfHsWD+lQ==",
      "requires": {
        "lezer-tree": "^0.13.2"
      }
    },
    "lezer-generator": {
      "version": "0.13.4",
      "resolved": "https://registry.npmjs.org/lezer-generator/-/lezer-generator-0.13.4.tgz",
      "integrity": "sha512-pTWxEgw6U41jM/IwMbhPBPonrcQV5YYL3XoY4QPR7ibOjgo2RaF4wVrdabN1ILtBbGvtHZekTGyrbsqfKnMHMA==",
      "requires": {
        "lezer": "^0.13.2"
      }
    },
    "lezer-java": {
      "version": "0.13.2",
      "resolved": "https://registry.npmjs.org/lezer-java/-/lezer-java-0.13.2.tgz",
      "integrity": "sha512-+BMv172xMTK5zZK0O3BM8SbQ0NK7Z99O5/QWnwt46j6fTGr79HO4n/nuxzzCmq0mQFcweqV2x3QG/L/6zRb7dQ==",
      "requires": {
        "lezer": "^0.13.0"
      }
    },
    "lezer-javascript": {
      "version": "0.13.4",
      "resolved": "https://registry.npmjs.org/lezer-javascript/-/lezer-javascript-0.13.4.tgz",
      "integrity": "sha512-nhRbeSwPZo2xVYq6TWyUhi/r9j0CFSUpkuA5J992Az2AYZFw2HnGVjixfP43DKufL+npJwSy0qcCcAHFQ2bFOQ==",
      "requires": {
        "lezer": "^0.13.0"
      }
    },
    "lezer-python": {
      "version": "0.13.6",
      "resolved": "https://registry.npmjs.org/lezer-python/-/lezer-python-0.13.6.tgz",
      "integrity": "sha512-cUZSilL3BZ+ssDkvGSOdxfL0ioajEPijWuQ31Z5vAFW8Ons53d5FILYnxRcGhZlwmBnn4cDAtxZyny0K+l6AEw==",
      "requires": {
        "lezer": "^0.13.2"
      }
    },
    "lezer-rust": {
      "version": "0.13.1",
      "resolved": "https://registry.npmjs.org/lezer-rust/-/lezer-rust-0.13.1.tgz",
      "integrity": "sha512-mn27bruCQfgKsyUV4vW/cUcUtZ0TjwNOFR299ZQxfxKSs4UUg0b6Jvu436ROYo5lxquKXf2BQdFWSttMoSlysg==",
      "requires": {
        "lezer": "^0.13.0"
      }
    },
    "lezer-tree": {
      "version": "0.13.2",
      "resolved": "https://registry.npmjs.org/lezer-tree/-/lezer-tree-0.13.2.tgz",
      "integrity": "sha512-15ZxW8TxVNAOkHIo43Iouv4zbSkQQ5chQHBpwXcD2bBFz46RB4jYLEEww5l1V0xyIx9U2clSyyrLes+hAUFrGQ=="
    },
    "style-mod": {
      "version": "4.0.0",
      "resolved": "https://registry.npmjs.org/style-mod/-/style-mod-4.0.0.tgz",
      "integrity": "sha512-OPhtyEjyyN9x3nhPsu76f52yUGXiZcgvsrFVtvTkyGRQJ0XK+GPc6ov1z+lRpbeabka+MYEQxOYRnt5nF30aMw=="
    },
    "w3c-keyname": {
      "version": "2.2.4",
      "resolved": "https://registry.npmjs.org/w3c-keyname/-/w3c-keyname-2.2.4.tgz",
      "integrity": "sha512-tOhfEwEzFLJzf6d1ZPkYfGj+FWhIpBux9ppoP3rlclw3Z0BZv3N7b7030Z1kYth+6rDuAsXUFr+d0VE6Ed1ikw=="
    }
  }
}
