{
  "name": "code-golf",
  "lockfileVersion": 2,
  "requires": true,
  "packages": {
    "": {
      "dependencies": {
        "@codemirror/commands": "",
        "@codemirror/gutter": "",
        "@codemirror/highlight": "",
        "@codemirror/history": "",
        "@codemirror/lang-java": "",
        "@codemirror/lang-javascript": "",
        "@codemirror/lang-php": "",
        "@codemirror/lang-python": "",
        "@codemirror/lang-rust": "",
        "@codemirror/lang-sql": "",
        "@codemirror/language": "",
        "@codemirror/legacy-modes": "",
        "@codemirror/matchbrackets": "",
        "@codemirror/state": "",
        "@codemirror/stream-parser": "",
        "@codemirror/theme-one-dark": "",
        "@codemirror/view": "",
        "@defasm/codemirror": "",
        "diff": "^5.0.0",
        "esbuild": "",
        "lz-string": "",
        "nim-codemirror-mode": ""
      }
    },
    "node_modules/@codemirror/autocomplete": {
      "version": "0.19.4",
      "resolved": "https://registry.npmjs.org/@codemirror/autocomplete/-/autocomplete-0.19.4.tgz",
      "integrity": "sha512-Wuuf4xZ9opIpUwMvxFMknC1C202qtTx1q5bS1GuMnTK4lBYoG+tekpAqlLBF3x6fEe2+fw6dRLwYTigtCuS7pQ==",
      "dependencies": {
        "@codemirror/language": "^0.19.0",
        "@codemirror/state": "^0.19.2",
        "@codemirror/text": "^0.19.2",
        "@codemirror/tooltip": "^0.19.0",
        "@codemirror/view": "^0.19.0",
        "@lezer/common": "^0.15.0"
      }
    },
    "node_modules/@codemirror/commands": {
      "version": "0.19.5",
      "resolved": "https://registry.npmjs.org/@codemirror/commands/-/commands-0.19.5.tgz",
      "integrity": "sha512-8PZOtx7d/GbKhFYA88zs2wINDtaUgj3pEjLYScKTd/Vsyw8qOp86tJQQNnMFTRZj/ISQl9Lbg3aAmHvroMqspw==",
      "dependencies": {
        "@codemirror/language": "^0.19.0",
        "@codemirror/matchbrackets": "^0.19.0",
        "@codemirror/state": "^0.19.2",
        "@codemirror/text": "^0.19.0",
        "@codemirror/view": "^0.19.0",
        "@lezer/common": "^0.15.0"
      }
    },
    "node_modules/@codemirror/gutter": {
      "version": "0.19.3",
      "resolved": "https://registry.npmjs.org/@codemirror/gutter/-/gutter-0.19.3.tgz",
      "integrity": "sha512-0lsW7Mbucs/CFmYaOJ8RYWmP1zI7sBdn/dseTL61TXS7TcCEw3X8XZtG4Fs2NL/dJ2CtW4fz3PHlQOyJZGsGCg==",
      "dependencies": {
        "@codemirror/rangeset": "^0.19.0",
        "@codemirror/state": "^0.19.0",
        "@codemirror/view": "^0.19.0"
      }
    },
    "node_modules/@codemirror/highlight": {
      "version": "0.19.6",
      "resolved": "https://registry.npmjs.org/@codemirror/highlight/-/highlight-0.19.6.tgz",
      "integrity": "sha512-+eibu6on9quY8uN3xJ/n3rH+YIDLlpX7YulVmFvqAIz/ukRQ5tWaBmB7fMixHmnmRIRBRZgB8rNtonuMwZSAHQ==",
      "dependencies": {
        "@codemirror/language": "^0.19.0",
        "@codemirror/rangeset": "^0.19.0",
        "@codemirror/state": "^0.19.0",
        "@codemirror/view": "^0.19.0",
        "@lezer/common": "^0.15.0",
        "style-mod": "^4.0.0"
      }
    },
    "node_modules/@codemirror/history": {
      "version": "0.19.0",
      "resolved": "https://registry.npmjs.org/@codemirror/history/-/history-0.19.0.tgz",
      "integrity": "sha512-E0H+lncH66IMDhaND9jgkjE7s0dhYfjCPmS+Ig2Yes9I8+UIEecIdObj8c8HPCFGctGg3fxXqRAw2mdHl2Wouw==",
      "dependencies": {
        "@codemirror/state": "^0.19.0",
        "@codemirror/view": "^0.19.0"
      }
    },
    "node_modules/@codemirror/lang-css": {
      "version": "0.19.3",
      "resolved": "https://registry.npmjs.org/@codemirror/lang-css/-/lang-css-0.19.3.tgz",
      "integrity": "sha512-tyCUJR42/UlfOPLb94/p7dN+IPsYSIzHbAHP2KQHANj0I+Orqp+IyIOS++M8TuCX4zkWh9dvi8s92yy/Tn8Ifg==",
      "dependencies": {
        "@codemirror/autocomplete": "^0.19.0",
        "@codemirror/highlight": "^0.19.6",
        "@codemirror/language": "^0.19.0",
        "@codemirror/state": "^0.19.0",
        "@lezer/css": "^0.15.2"
      }
    },
    "node_modules/@codemirror/lang-html": {
      "version": "0.19.3",
      "resolved": "https://registry.npmjs.org/@codemirror/lang-html/-/lang-html-0.19.3.tgz",
      "integrity": "sha512-QlZN8VhQ+vlOpDMbcfXcG3HiiNeklAfIYnKonPM902SM3nJc4rJ66X9O8mzy0TUDBmew9zaYDubvQcqw7rc5Bg==",
      "dependencies": {
        "@codemirror/autocomplete": "^0.19.0",
        "@codemirror/highlight": "^0.19.6",
        "@codemirror/lang-css": "^0.19.0",
        "@codemirror/lang-javascript": "^0.19.0",
        "@codemirror/language": "^0.19.0",
        "@codemirror/state": "^0.19.0",
        "@lezer/common": "^0.15.0",
        "@lezer/html": "^0.15.0"
      }
    },
    "node_modules/@codemirror/lang-java": {
      "version": "0.19.1",
      "resolved": "https://registry.npmjs.org/@codemirror/lang-java/-/lang-java-0.19.1.tgz",
      "integrity": "sha512-yA3kcW2GgY0mC2a9dE+uRxGxPWeykfE/GqEPk4TSmhuU4ndmyDgM5QQP7pgnYSZmv2vKoyf4x7NMg8AF7lKXHQ==",
      "dependencies": {
        "@codemirror/highlight": "^0.19.0",
        "@codemirror/language": "^0.19.0",
        "@lezer/java": "^0.15.0"
      }
    },
    "node_modules/@codemirror/lang-javascript": {
      "version": "0.19.2",
      "resolved": "https://registry.npmjs.org/@codemirror/lang-javascript/-/lang-javascript-0.19.2.tgz",
      "integrity": "sha512-qNFjCSTWOTZ/KusoVx3CxjmNS37DrhVoVO9E1IkrIMVC3tkk8Hs2eA6HNMxT4VGp5O+0yBmf1DE2o5QQSMs0jg==",
      "dependencies": {
        "@codemirror/autocomplete": "^0.19.0",
        "@codemirror/highlight": "^0.19.6",
        "@codemirror/language": "^0.19.0",
        "@codemirror/lint": "^0.19.0",
        "@codemirror/state": "^0.19.0",
        "@codemirror/view": "^0.19.0",
        "@lezer/javascript": "^0.15.0"
      }
    },
    "node_modules/@codemirror/lang-php": {
      "version": "0.19.1",
      "resolved": "https://registry.npmjs.org/@codemirror/lang-php/-/lang-php-0.19.1.tgz",
      "integrity": "sha512-Q6djLACHu1J6XbnxWlEPCiyqqDrlZLi9QtjY6b9vqdkq/GOsNaXVv44nDY8DD6Bxi5yYRTJ3yh8XzsKuJgztjQ==",
      "dependencies": {
        "@codemirror/highlight": "^0.19.0",
        "@codemirror/lang-html": "^0.19.0",
        "@codemirror/language": "^0.19.0",
        "@codemirror/state": "^0.19.0",
        "@lezer/common": "^0.15.0",
        "@lezer/php": "^0.15.0"
      }
    },
    "node_modules/@codemirror/lang-python": {
      "version": "0.19.2",
      "resolved": "https://registry.npmjs.org/@codemirror/lang-python/-/lang-python-0.19.2.tgz",
      "integrity": "sha512-qeDymHL97+pNxFiDrtaMFvd/dActt7sZjebPnrc8T2V1CcBkc2YkcaxEOD5dssM/rQ9dG9LqON/Nbk2fIxcapA==",
      "dependencies": {
        "@codemirror/highlight": "^0.19.0",
        "@codemirror/language": "^0.19.0",
        "@lezer/python": "^0.15.0"
      }
    },
    "node_modules/@codemirror/lang-rust": {
      "version": "0.19.1",
      "resolved": "https://registry.npmjs.org/@codemirror/lang-rust/-/lang-rust-0.19.1.tgz",
      "integrity": "sha512-T/LzRC5bMPvkMg11kr/jnpScqsE68B+F0SYqjyQTzQ+666RhHJICDCSlk7wbIrJi/fagpBwvuAmo2LgQ8dcGsQ==",
      "dependencies": {
        "@codemirror/highlight": "^0.19.0",
        "@codemirror/language": "^0.19.0",
        "@lezer/rust": "^0.15.0"
      }
    },
    "node_modules/@codemirror/lang-sql": {
      "version": "0.19.3",
      "resolved": "https://registry.npmjs.org/@codemirror/lang-sql/-/lang-sql-0.19.3.tgz",
      "integrity": "sha512-RsWZKx3x6mHgc8MBt1yvzofOmeB+3OXbviZLkoZMUpl1dAzSdeD4uucVFFOYQF9WHgaMDeQy6J45TSIY5PfTYA==",
      "dependencies": {
        "@codemirror/autocomplete": "^0.19.0",
        "@codemirror/highlight": "^0.19.0",
        "@codemirror/language": "^0.19.0",
        "@codemirror/state": "^0.19.0",
        "@lezer/lr": "^0.15.0"
      }
    },
    "node_modules/@codemirror/language": {
      "version": "0.19.3",
      "resolved": "https://registry.npmjs.org/@codemirror/language/-/language-0.19.3.tgz",
      "integrity": "sha512-6vjkRYHRJg/z9wdAk75nU2fQwCJBsh2HpkIjKXIHfzISSgLt5qSDxVhPd8Uu8PD5WMmFFP8tX7I9kdIt873o0A==",
      "dependencies": {
        "@codemirror/state": "^0.19.0",
        "@codemirror/text": "^0.19.0",
        "@codemirror/view": "^0.19.0",
        "@lezer/common": "^0.15.5",
        "@lezer/lr": "^0.15.0"
      }
    },
    "node_modules/@codemirror/legacy-modes": {
      "version": "0.19.0",
      "resolved": "https://registry.npmjs.org/@codemirror/legacy-modes/-/legacy-modes-0.19.0.tgz",
      "integrity": "sha512-GSPdBNUeyF3nxJ2lztXGp2UoQjn+ggK5z+Kd4tflziecCG1+8mcdudDgFvxDuaTGWyM34S7Ldb4Xv7/XodZtBA==",
      "dependencies": {
        "@codemirror/stream-parser": "^0.19.0"
      }
    },
    "node_modules/@codemirror/lint": {
      "version": "0.19.2",
      "resolved": "https://registry.npmjs.org/@codemirror/lint/-/lint-0.19.2.tgz",
      "integrity": "sha512-477qvXWwuf24YsBi1DzjrGyzM+qfPe5L4xEHGxQTGOMq6R0+QAFKppOJsxN3y7gzDpLrZSYZdhJzWevOuliZQg==",
      "dependencies": {
        "@codemirror/panel": "^0.19.0",
        "@codemirror/state": "^0.19.0",
        "@codemirror/tooltip": "^0.19.0",
        "@codemirror/view": "^0.19.0",
        "crelt": "^1.0.5"
      }
    },
    "node_modules/@codemirror/matchbrackets": {
      "version": "0.19.3",
      "resolved": "https://registry.npmjs.org/@codemirror/matchbrackets/-/matchbrackets-0.19.3.tgz",
      "integrity": "sha512-ljkrBxaLgh8jesroUiBa57pdEwqJamxkukXrJpL9LdyFZVJaF+9TldhztRaMsMZO1XnCSSHQ9sg32iuHo7Sc2g==",
      "dependencies": {
        "@codemirror/language": "^0.19.0",
        "@codemirror/state": "^0.19.0",
        "@codemirror/view": "^0.19.0",
        "@lezer/common": "^0.15.0"
      }
    },
    "node_modules/@codemirror/panel": {
      "version": "0.19.0",
      "resolved": "https://registry.npmjs.org/@codemirror/panel/-/panel-0.19.0.tgz",
      "integrity": "sha512-LJuu49xnuhaAztlhnLJQ57ddOirSyf8/lnl7twsQUG/05RkxodBZ9F7q8r5AOLqOkaQOy9WySEKX1Ur8lD9Q5w==",
      "dependencies": {
        "@codemirror/state": "^0.19.0",
        "@codemirror/view": "^0.19.0"
      }
    },
    "node_modules/@codemirror/rangeset": {
      "version": "0.19.1",
      "resolved": "https://registry.npmjs.org/@codemirror/rangeset/-/rangeset-0.19.1.tgz",
      "integrity": "sha512-WaKTEw8JB/3QFlQzpdgRoklopcWvG8O/Xp+rxxOfFKYTaeaejpY/tjpyBBg+Ea65Ka3m7+pPp9d5j/oR2rd9NA==",
      "dependencies": {
        "@codemirror/state": "^0.19.0"
      }
    },
    "node_modules/@codemirror/state": {
      "version": "0.19.2",
      "resolved": "https://registry.npmjs.org/@codemirror/state/-/state-0.19.2.tgz",
      "integrity": "sha512-dDqCrtkb0c/LYUlvQBLyLfkISEskbZnhvBbcVOF4j2AusJ1ptJ3EGMxBL9G16GP1TOdC1T613gA1J1qc3pbfGQ==",
      "dependencies": {
        "@codemirror/text": "^0.19.0"
      }
    },
    "node_modules/@codemirror/stream-parser": {
      "version": "0.19.2",
      "resolved": "https://registry.npmjs.org/@codemirror/stream-parser/-/stream-parser-0.19.2.tgz",
      "integrity": "sha512-hBKRQlyu8GUOrY33xZ6/1kAfNZ8ZUm6cX9a7mPx8zAAqnpz/fpksC/qJRrkg1mPMBwxm+JG4fqAwDGJ3gLVniQ==",
      "dependencies": {
        "@codemirror/highlight": "^0.19.0",
        "@codemirror/language": "^0.19.0",
        "@codemirror/state": "^0.19.0",
        "@codemirror/text": "^0.19.0",
        "@lezer/common": "^0.15.0",
        "@lezer/lr": "^0.15.0"
      }
    },
    "node_modules/@codemirror/text": {
      "version": "0.19.5",
      "resolved": "https://registry.npmjs.org/@codemirror/text/-/text-0.19.5.tgz",
      "integrity": "sha512-Syu5Xc7tZzeUAM/y4fETkT0zgGr48rDG+w4U38bPwSIUr+L9S/7w2wDE1WGNzjaZPz12F6gb1gxWiSTg9ocLow=="
    },
    "node_modules/@codemirror/theme-one-dark": {
      "version": "0.19.0",
      "resolved": "https://registry.npmjs.org/@codemirror/theme-one-dark/-/theme-one-dark-0.19.0.tgz",
      "integrity": "sha512-Xlk68ARreanFveE+KvZJY4HxecNr+VKDOR61O8l3kzlQ0qvxNXA0KAp1xu4p32pA9jzJqJi5haIgdfWSZogXZg==",
      "dependencies": {
        "@codemirror/highlight": "^0.19.0",
        "@codemirror/state": "^0.19.0",
        "@codemirror/view": "^0.19.0"
      }
    },
    "node_modules/@codemirror/tooltip": {
      "version": "0.19.4",
      "resolved": "https://registry.npmjs.org/@codemirror/tooltip/-/tooltip-0.19.4.tgz",
      "integrity": "sha512-DTv6SOzjw8LbHdTd2FszpIkQCUKRl0dqh1pWqawR31Lu/ZCz1nOiOY1sxkiEZVXMTFg44V0Uff0YlY6mTVK2DQ==",
      "dependencies": {
        "@codemirror/state": "^0.19.0",
        "@codemirror/view": "^0.19.0"
      }
    },
    "node_modules/@codemirror/view": {
      "version": "0.19.9",
      "resolved": "https://registry.npmjs.org/@codemirror/view/-/view-0.19.9.tgz",
      "integrity": "sha512-d2Z2rFl53yTwvhsRYtS97xT7ce1f/Q/NNE2uDg/Be1MVjP2v1OlwUTyTosBmxiCt4oUvMklfa+EdPGOATVJhtg==",
      "dependencies": {
        "@codemirror/rangeset": "^0.19.0",
        "@codemirror/state": "^0.19.2",
        "@codemirror/text": "^0.19.0",
        "style-mod": "^4.0.0",
        "w3c-keyname": "^2.2.4"
      }
    },
    "node_modules/@defasm/codemirror": {
      "version": "1.3.4",
      "resolved": "https://registry.npmjs.org/@defasm/codemirror/-/codemirror-1.3.4.tgz",
      "integrity": "sha512-GmNUT7Mpgct6/6TjOPzeDoeEEoUQ3ql5Q6pUcqbeRWj3/ZveIVbv0riwqcKg62fQukG9oC2qCJDwCvR74nwPSA==",
      "dependencies": {
        "@codemirror/highlight": "",
        "@codemirror/language": "",
        "@codemirror/tooltip": "",
        "@codemirror/view": "",
        "@defasm/core": "",
        "@lezer/common": "",
        "@lezer/lr": ""
      }
    },
    "node_modules/@defasm/core": {
      "version": "2.1.6",
      "resolved": "https://registry.npmjs.org/@defasm/core/-/core-2.1.6.tgz",
      "integrity": "sha512-tSQkPez/1mODQjQSLKAjED0AIPW1kLcyFDELOzFPxmlquUcYIgVXL4/8WUDUuDYvHM+NYN+VtpWGCopLfCgmMw=="
    },
    "node_modules/@lezer/common": {
      "version": "0.15.7",
      "resolved": "https://registry.npmjs.org/@lezer/common/-/common-0.15.7.tgz",
      "integrity": "sha512-Rw8TDJnBzZnkyzIXs1Tmmd241FrBLJBj8gkdy3y0joGFb8Z4I/joKEsR+gv1pb13o1TMsZxm3fmP+d/wPt2CTQ=="
    },
    "node_modules/@lezer/css": {
      "version": "0.15.2",
      "resolved": "https://registry.npmjs.org/@lezer/css/-/css-0.15.2.tgz",
      "integrity": "sha512-tnMOMZY0Zs6JQeVjqfmREYMV0GnmZR1NitndLWioZMD6mA7VQF/PPKPmJX1f+ZgVZQc5Am0df9mX3aiJnNJlKQ==",
      "dependencies": {
        "@lezer/lr": "^0.15.0"
      }
    },
    "node_modules/@lezer/html": {
      "version": "0.15.0",
      "resolved": "https://registry.npmjs.org/@lezer/html/-/html-0.15.0.tgz",
      "integrity": "sha512-ErmgP/Vv0AhYJvs/Ekb9oue4IzBHemKLi7K8tJ0jgS+20Y8FGC9foK6knCXtEHqdPaxVGQH9PVp7gecLnzLd9Q==",
      "dependencies": {
        "@lezer/lr": "^0.15.0"
      }
    },
    "node_modules/@lezer/java": {
      "version": "0.15.0",
      "resolved": "https://registry.npmjs.org/@lezer/java/-/java-0.15.0.tgz",
      "integrity": "sha512-Od2Ugo93XjLxCIEKlrwJfacmSMd7lEnkVQgBjMsZofjwEKZ2Y2ue6URntMFFiftTlNXbE29vYbweWYluEq+Cdw==",
      "dependencies": {
        "@lezer/lr": "^0.15.0"
      }
    },
    "node_modules/@lezer/javascript": {
      "version": "0.15.0",
      "resolved": "https://registry.npmjs.org/@lezer/javascript/-/javascript-0.15.0.tgz",
      "integrity": "sha512-euFjbbyYmxpBls9FyBAKnGLEjaMFqfHvhfueA7M1PitZdieHu8KSblutmcwjpWKIV4eH4uElMZO2cPVe0aFxXA==",
      "dependencies": {
        "@lezer/lr": "^0.15.0"
      }
    },
    "node_modules/@lezer/lr": {
      "version": "0.15.4",
      "resolved": "https://registry.npmjs.org/@lezer/lr/-/lr-0.15.4.tgz",
      "integrity": "sha512-vwgG80sihEGJn6wJp6VijXrnzVai/KPva/OzYKaWvIx0IiXKjoMQ8UAwcgpSBwfS4Fbz3IKOX/cCNXU3r1FvpQ==",
      "dependencies": {
        "@lezer/common": "^0.15.0"
      }
    },
    "node_modules/@lezer/php": {
      "version": "0.15.0",
      "resolved": "https://registry.npmjs.org/@lezer/php/-/php-0.15.0.tgz",
      "integrity": "sha512-kU3QSOko0jsv3RLhABPrRD4wEhaWYh2Uh0lTj9Q9BOsBJ5SoADfifO4gHkEDav7AgL/j+ulkKiHiilciTa/RaQ==",
      "dependencies": {
        "@lezer/lr": "^0.15.0"
      }
    },
    "node_modules/@lezer/python": {
      "version": "0.15.0",
      "resolved": "https://registry.npmjs.org/@lezer/python/-/python-0.15.0.tgz",
      "integrity": "sha512-KkbNfjLZCs/Ibx+3mekGu31qz+zCVkXHL+oNftRxB/lsINlz25SURR5z6wb94JpJt0yDFCEtn/2siAUybLOXiA==",
      "dependencies": {
        "@lezer/lr": "^0.15.0"
      }
    },
    "node_modules/@lezer/rust": {
      "version": "0.15.0",
      "resolved": "https://registry.npmjs.org/@lezer/rust/-/rust-0.15.0.tgz",
      "integrity": "sha512-vq7P0P9478Y4J0cKuwChNJjoZBNERyqBJ4wG94gYORKqXmUei/GtIAxu1Ei24BJRPrVHrg0NmC6daFd+i1re1Q==",
      "dependencies": {
        "@lezer/lr": "^0.15.0"
      }
    },
    "node_modules/codemirror": {
      "version": "5.63.3",
      "resolved": "https://registry.npmjs.org/codemirror/-/codemirror-5.63.3.tgz",
      "integrity": "sha512-1C+LELr+5grgJYqwZKqxrcbPsHFHapVaVAloBsFBASbpLnQqLw1U8yXJ3gT5D+rhxIiSpo+kTqN+hQ+9ialIXw==",
      "peer": true
    },
    "node_modules/crelt": {
      "version": "1.0.5",
      "resolved": "https://registry.npmjs.org/crelt/-/crelt-1.0.5.tgz",
      "integrity": "sha512-+BO9wPPi+DWTDcNYhr/W90myha8ptzftZT+LwcmUbbok0rcP/fequmFYCw8NMoH7pkAZQzU78b3kYrlua5a9eA=="
    },
    "node_modules/diff": {
      "version": "5.0.0",
      "resolved": "https://registry.npmjs.org/diff/-/diff-5.0.0.tgz",
      "integrity": "sha512-/VTCrvm5Z0JGty/BWHljh+BAiw3IK+2j87NGMu8Nwc/f48WoDAC395uomO9ZD117ZOBaHmkX1oyLvkVM/aIT3w==",
      "engines": {
        "node": ">=0.3.1"
      }
    },
    "node_modules/esbuild": {
      "version": "0.13.9",
      "resolved": "https://registry.npmjs.org/esbuild/-/esbuild-0.13.9.tgz",
      "integrity": "sha512-8bYcckmisXjGvBMeylp1PRtu21uOoCDFAgXGGF2BR241zYQDN6ZLNvcmQlnQ7olG0p6PRWmJI8WVH3ca8viPuw==",
      "hasInstallScript": true,
      "bin": {
        "esbuild": "bin/esbuild"
      },
      "optionalDependencies": {
        "esbuild-android-arm64": "0.13.9",
        "esbuild-darwin-64": "0.13.9",
        "esbuild-darwin-arm64": "0.13.9",
        "esbuild-freebsd-64": "0.13.9",
        "esbuild-freebsd-arm64": "0.13.9",
        "esbuild-linux-32": "0.13.9",
        "esbuild-linux-64": "0.13.9",
        "esbuild-linux-arm": "0.13.9",
        "esbuild-linux-arm64": "0.13.9",
        "esbuild-linux-mips64le": "0.13.9",
        "esbuild-linux-ppc64le": "0.13.9",
        "esbuild-netbsd-64": "0.13.9",
        "esbuild-openbsd-64": "0.13.9",
        "esbuild-sunos-64": "0.13.9",
        "esbuild-windows-32": "0.13.9",
        "esbuild-windows-64": "0.13.9",
        "esbuild-windows-arm64": "0.13.9"
      }
    },
    "node_modules/esbuild-android-arm64": {
      "version": "0.13.9",
      "resolved": "https://registry.npmjs.org/esbuild-android-arm64/-/esbuild-android-arm64-0.13.9.tgz",
      "integrity": "sha512-Ty0hKldtjJVLHwUwbKR4GFPiXBo5iQ3aE1OLBar9lh3myaRkUGEb+Ypl74LEKa0+t/9lS3Ev1N5+5P2Sq6UvNQ==",
      "cpu": [
        "arm64"
      ],
      "optional": true,
      "os": [
        "android"
      ]
    },
    "node_modules/esbuild-darwin-64": {
      "version": "0.13.9",
      "resolved": "https://registry.npmjs.org/esbuild-darwin-64/-/esbuild-darwin-64-0.13.9.tgz",
      "integrity": "sha512-Ay0/b98v0oYp3ApXNQ7QPbaSkCT9WjBU6h8bMB1SYrQ/PmHgwph91fb9V0pfOLKK1rYWypfrNbI0MyT2tWN+rQ==",
      "cpu": [
        "x64"
      ],
      "optional": true,
      "os": [
        "darwin"
      ]
    },
    "node_modules/esbuild-darwin-arm64": {
      "version": "0.13.9",
      "resolved": "https://registry.npmjs.org/esbuild-darwin-arm64/-/esbuild-darwin-arm64-0.13.9.tgz",
      "integrity": "sha512-nJB8chaJdWathCe6EyIiMIqfyEzbuXPyNsPlL3bYRB1zFCF8feXT874D4IHbJ/w8B6BpY3sM1Clr/I/DK8E4ow==",
      "cpu": [
        "arm64"
      ],
      "optional": true,
      "os": [
        "darwin"
      ]
    },
    "node_modules/esbuild-freebsd-64": {
      "version": "0.13.9",
      "resolved": "https://registry.npmjs.org/esbuild-freebsd-64/-/esbuild-freebsd-64-0.13.9.tgz",
      "integrity": "sha512-ktaBujf12XLkVXLGx7WjFcmh1tt34tm7gP4pHkhvbzbHrq+BbXwcl4EsW+5JT9VNKl7slOGf4Qnua/VW7ZcnIw==",
      "cpu": [
        "x64"
      ],
      "optional": true,
      "os": [
        "freebsd"
      ]
    },
    "node_modules/esbuild-freebsd-arm64": {
      "version": "0.13.9",
      "resolved": "https://registry.npmjs.org/esbuild-freebsd-arm64/-/esbuild-freebsd-arm64-0.13.9.tgz",
      "integrity": "sha512-vVa5zps4dmwpXwv/amxVpIWvFJuUPWQkpV+PYtZUW9lqjXsQ3LBHP51Q1cXZZBIrqwszLsEyJPa5GuDOY15hzQ==",
      "cpu": [
        "arm64"
      ],
      "optional": true,
      "os": [
        "freebsd"
      ]
    },
    "node_modules/esbuild-linux-32": {
      "version": "0.13.9",
      "resolved": "https://registry.npmjs.org/esbuild-linux-32/-/esbuild-linux-32-0.13.9.tgz",
      "integrity": "sha512-HxoW9QNqhO8VW1l7aBiYQH4lobeHq85+blZ4nlZ7sg5CNhGRRwnMlV6S08VYKz6V0YKnHb5OqJxx2HZuTZ7tgQ==",
      "cpu": [
        "ia32"
      ],
      "optional": true,
      "os": [
        "linux"
      ]
    },
    "node_modules/esbuild-linux-64": {
      "version": "0.13.9",
      "resolved": "https://registry.npmjs.org/esbuild-linux-64/-/esbuild-linux-64-0.13.9.tgz",
      "integrity": "sha512-L+eAR8o1lAUr9g64RXnBLuWZjAItAOWSUpvkchpa6QvSnXFA/nG6PgGsOBEqhDXl9qYEpGI0ReDrFkf8ByapvQ==",
      "cpu": [
        "x64"
      ],
      "optional": true,
      "os": [
        "linux"
      ]
    },
    "node_modules/esbuild-linux-arm": {
      "version": "0.13.9",
      "resolved": "https://registry.npmjs.org/esbuild-linux-arm/-/esbuild-linux-arm-0.13.9.tgz",
      "integrity": "sha512-DT0S+ufCVXatPZHjkCaBgZSFIV8FzY4GEHz/BlkitTWzUvT1dIUXjPIRPnqBUVa+0AyS1bZSfHzv9hTT4LHz7A==",
      "cpu": [
        "arm"
      ],
      "optional": true,
      "os": [
        "linux"
      ]
    },
    "node_modules/esbuild-linux-arm64": {
      "version": "0.13.9",
      "resolved": "https://registry.npmjs.org/esbuild-linux-arm64/-/esbuild-linux-arm64-0.13.9.tgz",
      "integrity": "sha512-IjbhZpW5VQYK4nVI4dj/mLvH5oXAIf57OI8BYVkCqrdVXJwR8nVrSqux3zJSY+ElrkOK3DtG9iTPpmqvBXaU0g==",
      "cpu": [
        "arm64"
      ],
      "optional": true,
      "os": [
        "linux"
      ]
    },
    "node_modules/esbuild-linux-mips64le": {
      "version": "0.13.9",
      "resolved": "https://registry.npmjs.org/esbuild-linux-mips64le/-/esbuild-linux-mips64le-0.13.9.tgz",
      "integrity": "sha512-ec9RgAM4r+fe1ZmG16qeMwEHdcIvqeW8tpnpkfSQu9T4487KtQF6lg3TQasTarrLLEe7Qpy+E+r4VwC8eeZySQ==",
      "cpu": [
        "mips64el"
      ],
      "optional": true,
      "os": [
        "linux"
      ]
    },
    "node_modules/esbuild-linux-ppc64le": {
      "version": "0.13.9",
      "resolved": "https://registry.npmjs.org/esbuild-linux-ppc64le/-/esbuild-linux-ppc64le-0.13.9.tgz",
      "integrity": "sha512-7b2/wg8T1n/L1BgCWlMSez0aXfGkNjFuOqMBQdnTti3LRuUwzGJcrhRf/FdZGJ5/evML9mqu60vLRuXW1TdXCg==",
      "cpu": [
        "ppc64"
      ],
      "optional": true,
      "os": [
        "linux"
      ]
    },
    "node_modules/esbuild-netbsd-64": {
      "version": "0.13.9",
      "resolved": "https://registry.npmjs.org/esbuild-netbsd-64/-/esbuild-netbsd-64-0.13.9.tgz",
      "integrity": "sha512-PiZu3h4+Szj0iZPgvuD2Y0isOXnlNetmF6jMcOwW54BScwynW24/baE+z7PfDyNFgjV04Ga2THdcpbKBDhgWQw==",
      "cpu": [
        "x64"
      ],
      "optional": true,
      "os": [
        "netbsd"
      ]
    },
    "node_modules/esbuild-openbsd-64": {
      "version": "0.13.9",
      "resolved": "https://registry.npmjs.org/esbuild-openbsd-64/-/esbuild-openbsd-64-0.13.9.tgz",
      "integrity": "sha512-SJKN4Ez+ilY7mu+1gAdGQ9N6dktBfbEkiOAvw+hT7xHrNnTnrTGH0FT4qx9dazB9HX6D04L4PXmVOyynqi+oEQ==",
      "cpu": [
        "x64"
      ],
      "optional": true,
      "os": [
        "openbsd"
      ]
    },
    "node_modules/esbuild-sunos-64": {
      "version": "0.13.9",
      "resolved": "https://registry.npmjs.org/esbuild-sunos-64/-/esbuild-sunos-64-0.13.9.tgz",
      "integrity": "sha512-9N0RjZ7cElE8ifrS0nBrLQgBMQNPiIIKO2GzLXy7Ms8AM3KjfLiV2G2+9O0B9paXjRAHchIwazTeOyeWb1vyWA==",
      "cpu": [
        "x64"
      ],
      "optional": true,
      "os": [
        "sunos"
      ]
    },
    "node_modules/esbuild-windows-32": {
      "version": "0.13.9",
      "resolved": "https://registry.npmjs.org/esbuild-windows-32/-/esbuild-windows-32-0.13.9.tgz",
      "integrity": "sha512-awxWs1kns+RfjhqBbTbdlePjqZrAE2XMaAQJNg9dtu+C7ghC3QKsqXbu0C26OuF5YeAdJcq9q+IdG6WPLjvj9w==",
      "cpu": [
        "ia32"
      ],
      "optional": true,
      "os": [
        "win32"
      ]
    },
    "node_modules/esbuild-windows-64": {
      "version": "0.13.9",
      "resolved": "https://registry.npmjs.org/esbuild-windows-64/-/esbuild-windows-64-0.13.9.tgz",
      "integrity": "sha512-VmA9GQMCzOr8rFfD72Dum1+AWhJui7ZO6sYwp6rBHYu4vLmWITTSUsd/zgXXmZuHBPkkvxLJLF8XsKFCRKflJA==",
      "cpu": [
        "x64"
      ],
      "optional": true,
      "os": [
        "win32"
      ]
    },
    "node_modules/esbuild-windows-arm64": {
      "version": "0.13.9",
      "resolved": "https://registry.npmjs.org/esbuild-windows-arm64/-/esbuild-windows-arm64-0.13.9.tgz",
      "integrity": "sha512-P/jPY2JwmTpgEPh9BkXpCe690tcDSSo0K9BHTniSeEAEz26kPpqldVa4XDm0R+hNnFA7ecEgNskr4QAxE1ry0w==",
      "cpu": [
        "arm64"
      ],
      "optional": true,
      "os": [
        "win32"
      ]
    },
    "node_modules/lz-string": {
      "version": "1.4.4",
      "resolved": "https://registry.npmjs.org/lz-string/-/lz-string-1.4.4.tgz",
      "integrity": "sha1-wNjq82BZ9wV5bh40SBHPTEmNOiY=",
      "bin": {
        "lz-string": "bin/bin.js"
      }
    },
    "node_modules/nim-codemirror-mode": {
      "version": "0.3.0",
      "resolved": "https://registry.npmjs.org/nim-codemirror-mode/-/nim-codemirror-mode-0.3.0.tgz",
      "integrity": "sha512-I023hB2XIX58MrO6WsQGZrXbWb5MURJT0jeSqdhQgtO95YzzRAtNQiudugkFiWu+E3xHBLosw4BxIoMs7wyD7g==",
      "peerDependencies": {
        "codemirror": "^5.56.0"
      }
    },
    "node_modules/style-mod": {
      "version": "4.0.0",
      "resolved": "https://registry.npmjs.org/style-mod/-/style-mod-4.0.0.tgz",
      "integrity": "sha512-OPhtyEjyyN9x3nhPsu76f52yUGXiZcgvsrFVtvTkyGRQJ0XK+GPc6ov1z+lRpbeabka+MYEQxOYRnt5nF30aMw=="
    },
    "node_modules/w3c-keyname": {
      "version": "2.2.4",
      "resolved": "https://registry.npmjs.org/w3c-keyname/-/w3c-keyname-2.2.4.tgz",
      "integrity": "sha512-tOhfEwEzFLJzf6d1ZPkYfGj+FWhIpBux9ppoP3rlclw3Z0BZv3N7b7030Z1kYth+6rDuAsXUFr+d0VE6Ed1ikw=="
    }
  },
  "dependencies": {
    "@codemirror/autocomplete": {
      "version": "0.19.4",
      "resolved": "https://registry.npmjs.org/@codemirror/autocomplete/-/autocomplete-0.19.4.tgz",
      "integrity": "sha512-Wuuf4xZ9opIpUwMvxFMknC1C202qtTx1q5bS1GuMnTK4lBYoG+tekpAqlLBF3x6fEe2+fw6dRLwYTigtCuS7pQ==",
      "requires": {
        "@codemirror/language": "^0.19.0",
        "@codemirror/state": "^0.19.2",
        "@codemirror/text": "^0.19.2",
        "@codemirror/tooltip": "^0.19.0",
        "@codemirror/view": "^0.19.0",
        "@lezer/common": "^0.15.0"
      }
    },
    "@codemirror/commands": {
      "version": "0.19.5",
      "resolved": "https://registry.npmjs.org/@codemirror/commands/-/commands-0.19.5.tgz",
      "integrity": "sha512-8PZOtx7d/GbKhFYA88zs2wINDtaUgj3pEjLYScKTd/Vsyw8qOp86tJQQNnMFTRZj/ISQl9Lbg3aAmHvroMqspw==",
      "requires": {
        "@codemirror/language": "^0.19.0",
        "@codemirror/matchbrackets": "^0.19.0",
        "@codemirror/state": "^0.19.2",
        "@codemirror/text": "^0.19.0",
        "@codemirror/view": "^0.19.0",
        "@lezer/common": "^0.15.0"
      }
    },
    "@codemirror/gutter": {
      "version": "0.19.3",
      "resolved": "https://registry.npmjs.org/@codemirror/gutter/-/gutter-0.19.3.tgz",
      "integrity": "sha512-0lsW7Mbucs/CFmYaOJ8RYWmP1zI7sBdn/dseTL61TXS7TcCEw3X8XZtG4Fs2NL/dJ2CtW4fz3PHlQOyJZGsGCg==",
      "requires": {
        "@codemirror/rangeset": "^0.19.0",
        "@codemirror/state": "^0.19.0",
        "@codemirror/view": "^0.19.0"
      }
    },
    "@codemirror/highlight": {
      "version": "0.19.6",
      "resolved": "https://registry.npmjs.org/@codemirror/highlight/-/highlight-0.19.6.tgz",
      "integrity": "sha512-+eibu6on9quY8uN3xJ/n3rH+YIDLlpX7YulVmFvqAIz/ukRQ5tWaBmB7fMixHmnmRIRBRZgB8rNtonuMwZSAHQ==",
      "requires": {
        "@codemirror/language": "^0.19.0",
        "@codemirror/rangeset": "^0.19.0",
        "@codemirror/state": "^0.19.0",
        "@codemirror/view": "^0.19.0",
        "@lezer/common": "^0.15.0",
        "style-mod": "^4.0.0"
      }
    },
    "@codemirror/history": {
      "version": "0.19.0",
      "resolved": "https://registry.npmjs.org/@codemirror/history/-/history-0.19.0.tgz",
      "integrity": "sha512-E0H+lncH66IMDhaND9jgkjE7s0dhYfjCPmS+Ig2Yes9I8+UIEecIdObj8c8HPCFGctGg3fxXqRAw2mdHl2Wouw==",
      "requires": {
        "@codemirror/state": "^0.19.0",
        "@codemirror/view": "^0.19.0"
      }
    },
    "@codemirror/lang-css": {
      "version": "0.19.3",
      "resolved": "https://registry.npmjs.org/@codemirror/lang-css/-/lang-css-0.19.3.tgz",
      "integrity": "sha512-tyCUJR42/UlfOPLb94/p7dN+IPsYSIzHbAHP2KQHANj0I+Orqp+IyIOS++M8TuCX4zkWh9dvi8s92yy/Tn8Ifg==",
      "requires": {
        "@codemirror/autocomplete": "^0.19.0",
        "@codemirror/highlight": "^0.19.6",
        "@codemirror/language": "^0.19.0",
        "@codemirror/state": "^0.19.0",
        "@lezer/css": "^0.15.2"
      }
    },
    "@codemirror/lang-html": {
      "version": "0.19.3",
      "resolved": "https://registry.npmjs.org/@codemirror/lang-html/-/lang-html-0.19.3.tgz",
      "integrity": "sha512-QlZN8VhQ+vlOpDMbcfXcG3HiiNeklAfIYnKonPM902SM3nJc4rJ66X9O8mzy0TUDBmew9zaYDubvQcqw7rc5Bg==",
      "requires": {
        "@codemirror/autocomplete": "^0.19.0",
        "@codemirror/highlight": "^0.19.6",
        "@codemirror/lang-css": "^0.19.0",
        "@codemirror/lang-javascript": "^0.19.0",
        "@codemirror/language": "^0.19.0",
        "@codemirror/state": "^0.19.0",
        "@lezer/common": "^0.15.0",
        "@lezer/html": "^0.15.0"
      }
    },
    "@codemirror/lang-java": {
      "version": "0.19.1",
      "resolved": "https://registry.npmjs.org/@codemirror/lang-java/-/lang-java-0.19.1.tgz",
      "integrity": "sha512-yA3kcW2GgY0mC2a9dE+uRxGxPWeykfE/GqEPk4TSmhuU4ndmyDgM5QQP7pgnYSZmv2vKoyf4x7NMg8AF7lKXHQ==",
      "requires": {
        "@codemirror/highlight": "^0.19.0",
        "@codemirror/language": "^0.19.0",
        "@lezer/java": "^0.15.0"
      }
    },
    "@codemirror/lang-javascript": {
      "version": "0.19.2",
      "resolved": "https://registry.npmjs.org/@codemirror/lang-javascript/-/lang-javascript-0.19.2.tgz",
      "integrity": "sha512-qNFjCSTWOTZ/KusoVx3CxjmNS37DrhVoVO9E1IkrIMVC3tkk8Hs2eA6HNMxT4VGp5O+0yBmf1DE2o5QQSMs0jg==",
      "requires": {
        "@codemirror/autocomplete": "^0.19.0",
        "@codemirror/highlight": "^0.19.6",
        "@codemirror/language": "^0.19.0",
        "@codemirror/lint": "^0.19.0",
        "@codemirror/state": "^0.19.0",
        "@codemirror/view": "^0.19.0",
        "@lezer/javascript": "^0.15.0"
      }
    },
    "@codemirror/lang-php": {
      "version": "0.19.1",
      "resolved": "https://registry.npmjs.org/@codemirror/lang-php/-/lang-php-0.19.1.tgz",
      "integrity": "sha512-Q6djLACHu1J6XbnxWlEPCiyqqDrlZLi9QtjY6b9vqdkq/GOsNaXVv44nDY8DD6Bxi5yYRTJ3yh8XzsKuJgztjQ==",
      "requires": {
        "@codemirror/highlight": "^0.19.0",
        "@codemirror/lang-html": "^0.19.0",
        "@codemirror/language": "^0.19.0",
        "@codemirror/state": "^0.19.0",
        "@lezer/common": "^0.15.0",
        "@lezer/php": "^0.15.0"
      }
    },
    "@codemirror/lang-python": {
      "version": "0.19.2",
      "resolved": "https://registry.npmjs.org/@codemirror/lang-python/-/lang-python-0.19.2.tgz",
      "integrity": "sha512-qeDymHL97+pNxFiDrtaMFvd/dActt7sZjebPnrc8T2V1CcBkc2YkcaxEOD5dssM/rQ9dG9LqON/Nbk2fIxcapA==",
      "requires": {
        "@codemirror/highlight": "^0.19.0",
        "@codemirror/language": "^0.19.0",
        "@lezer/python": "^0.15.0"
      }
    },
    "@codemirror/lang-rust": {
      "version": "0.19.1",
      "resolved": "https://registry.npmjs.org/@codemirror/lang-rust/-/lang-rust-0.19.1.tgz",
      "integrity": "sha512-T/LzRC5bMPvkMg11kr/jnpScqsE68B+F0SYqjyQTzQ+666RhHJICDCSlk7wbIrJi/fagpBwvuAmo2LgQ8dcGsQ==",
      "requires": {
        "@codemirror/highlight": "^0.19.0",
        "@codemirror/language": "^0.19.0",
        "@lezer/rust": "^0.15.0"
      }
    },
    "@codemirror/lang-sql": {
      "version": "0.19.3",
      "resolved": "https://registry.npmjs.org/@codemirror/lang-sql/-/lang-sql-0.19.3.tgz",
      "integrity": "sha512-RsWZKx3x6mHgc8MBt1yvzofOmeB+3OXbviZLkoZMUpl1dAzSdeD4uucVFFOYQF9WHgaMDeQy6J45TSIY5PfTYA==",
      "requires": {
        "@codemirror/autocomplete": "^0.19.0",
        "@codemirror/highlight": "^0.19.0",
        "@codemirror/language": "^0.19.0",
        "@codemirror/state": "^0.19.0",
        "@lezer/lr": "^0.15.0"
      }
    },
    "@codemirror/language": {
      "version": "0.19.3",
      "resolved": "https://registry.npmjs.org/@codemirror/language/-/language-0.19.3.tgz",
      "integrity": "sha512-6vjkRYHRJg/z9wdAk75nU2fQwCJBsh2HpkIjKXIHfzISSgLt5qSDxVhPd8Uu8PD5WMmFFP8tX7I9kdIt873o0A==",
      "requires": {
        "@codemirror/state": "^0.19.0",
        "@codemirror/text": "^0.19.0",
        "@codemirror/view": "^0.19.0",
        "@lezer/common": "^0.15.5",
        "@lezer/lr": "^0.15.0"
      }
    },
    "@codemirror/legacy-modes": {
      "version": "0.19.0",
      "resolved": "https://registry.npmjs.org/@codemirror/legacy-modes/-/legacy-modes-0.19.0.tgz",
      "integrity": "sha512-GSPdBNUeyF3nxJ2lztXGp2UoQjn+ggK5z+Kd4tflziecCG1+8mcdudDgFvxDuaTGWyM34S7Ldb4Xv7/XodZtBA==",
      "requires": {
        "@codemirror/stream-parser": "^0.19.0"
      }
    },
    "@codemirror/lint": {
      "version": "0.19.2",
      "resolved": "https://registry.npmjs.org/@codemirror/lint/-/lint-0.19.2.tgz",
      "integrity": "sha512-477qvXWwuf24YsBi1DzjrGyzM+qfPe5L4xEHGxQTGOMq6R0+QAFKppOJsxN3y7gzDpLrZSYZdhJzWevOuliZQg==",
      "requires": {
        "@codemirror/panel": "^0.19.0",
        "@codemirror/state": "^0.19.0",
        "@codemirror/tooltip": "^0.19.0",
        "@codemirror/view": "^0.19.0",
        "crelt": "^1.0.5"
      }
    },
    "@codemirror/matchbrackets": {
      "version": "0.19.3",
      "resolved": "https://registry.npmjs.org/@codemirror/matchbrackets/-/matchbrackets-0.19.3.tgz",
      "integrity": "sha512-ljkrBxaLgh8jesroUiBa57pdEwqJamxkukXrJpL9LdyFZVJaF+9TldhztRaMsMZO1XnCSSHQ9sg32iuHo7Sc2g==",
      "requires": {
        "@codemirror/language": "^0.19.0",
        "@codemirror/state": "^0.19.0",
        "@codemirror/view": "^0.19.0",
        "@lezer/common": "^0.15.0"
      }
    },
    "@codemirror/panel": {
      "version": "0.19.0",
      "resolved": "https://registry.npmjs.org/@codemirror/panel/-/panel-0.19.0.tgz",
      "integrity": "sha512-LJuu49xnuhaAztlhnLJQ57ddOirSyf8/lnl7twsQUG/05RkxodBZ9F7q8r5AOLqOkaQOy9WySEKX1Ur8lD9Q5w==",
      "requires": {
        "@codemirror/state": "^0.19.0",
        "@codemirror/view": "^0.19.0"
      }
    },
    "@codemirror/rangeset": {
      "version": "0.19.1",
      "resolved": "https://registry.npmjs.org/@codemirror/rangeset/-/rangeset-0.19.1.tgz",
      "integrity": "sha512-WaKTEw8JB/3QFlQzpdgRoklopcWvG8O/Xp+rxxOfFKYTaeaejpY/tjpyBBg+Ea65Ka3m7+pPp9d5j/oR2rd9NA==",
      "requires": {
        "@codemirror/state": "^0.19.0"
      }
    },
    "@codemirror/state": {
      "version": "0.19.2",
      "resolved": "https://registry.npmjs.org/@codemirror/state/-/state-0.19.2.tgz",
      "integrity": "sha512-dDqCrtkb0c/LYUlvQBLyLfkISEskbZnhvBbcVOF4j2AusJ1ptJ3EGMxBL9G16GP1TOdC1T613gA1J1qc3pbfGQ==",
      "requires": {
        "@codemirror/text": "^0.19.0"
      }
    },
    "@codemirror/stream-parser": {
      "version": "0.19.2",
      "resolved": "https://registry.npmjs.org/@codemirror/stream-parser/-/stream-parser-0.19.2.tgz",
      "integrity": "sha512-hBKRQlyu8GUOrY33xZ6/1kAfNZ8ZUm6cX9a7mPx8zAAqnpz/fpksC/qJRrkg1mPMBwxm+JG4fqAwDGJ3gLVniQ==",
      "requires": {
        "@codemirror/highlight": "^0.19.0",
        "@codemirror/language": "^0.19.0",
        "@codemirror/state": "^0.19.0",
        "@codemirror/text": "^0.19.0",
        "@lezer/common": "^0.15.0",
        "@lezer/lr": "^0.15.0"
      }
    },
    "@codemirror/text": {
      "version": "0.19.5",
      "resolved": "https://registry.npmjs.org/@codemirror/text/-/text-0.19.5.tgz",
      "integrity": "sha512-Syu5Xc7tZzeUAM/y4fETkT0zgGr48rDG+w4U38bPwSIUr+L9S/7w2wDE1WGNzjaZPz12F6gb1gxWiSTg9ocLow=="
    },
    "@codemirror/theme-one-dark": {
      "version": "0.19.0",
      "resolved": "https://registry.npmjs.org/@codemirror/theme-one-dark/-/theme-one-dark-0.19.0.tgz",
      "integrity": "sha512-Xlk68ARreanFveE+KvZJY4HxecNr+VKDOR61O8l3kzlQ0qvxNXA0KAp1xu4p32pA9jzJqJi5haIgdfWSZogXZg==",
      "requires": {
        "@codemirror/highlight": "^0.19.0",
        "@codemirror/state": "^0.19.0",
        "@codemirror/view": "^0.19.0"
      }
    },
    "@codemirror/tooltip": {
      "version": "0.19.4",
      "resolved": "https://registry.npmjs.org/@codemirror/tooltip/-/tooltip-0.19.4.tgz",
      "integrity": "sha512-DTv6SOzjw8LbHdTd2FszpIkQCUKRl0dqh1pWqawR31Lu/ZCz1nOiOY1sxkiEZVXMTFg44V0Uff0YlY6mTVK2DQ==",
      "requires": {
        "@codemirror/state": "^0.19.0",
        "@codemirror/view": "^0.19.0"
      }
    },
    "@codemirror/view": {
      "version": "0.19.9",
      "resolved": "https://registry.npmjs.org/@codemirror/view/-/view-0.19.9.tgz",
      "integrity": "sha512-d2Z2rFl53yTwvhsRYtS97xT7ce1f/Q/NNE2uDg/Be1MVjP2v1OlwUTyTosBmxiCt4oUvMklfa+EdPGOATVJhtg==",
      "requires": {
        "@codemirror/rangeset": "^0.19.0",
        "@codemirror/state": "^0.19.2",
        "@codemirror/text": "^0.19.0",
        "style-mod": "^4.0.0",
        "w3c-keyname": "^2.2.4"
      }
    },
    "@defasm/codemirror": {
      "version": "1.3.4",
      "resolved": "https://registry.npmjs.org/@defasm/codemirror/-/codemirror-1.3.4.tgz",
      "integrity": "sha512-GmNUT7Mpgct6/6TjOPzeDoeEEoUQ3ql5Q6pUcqbeRWj3/ZveIVbv0riwqcKg62fQukG9oC2qCJDwCvR74nwPSA==",
      "requires": {
        "@codemirror/highlight": "",
        "@codemirror/language": "",
        "@codemirror/tooltip": "",
        "@codemirror/view": "",
        "@defasm/core": "",
        "@lezer/common": "",
        "@lezer/lr": ""
      }
    },
    "@defasm/core": {
      "version": "2.1.6",
      "resolved": "https://registry.npmjs.org/@defasm/core/-/core-2.1.6.tgz",
      "integrity": "sha512-tSQkPez/1mODQjQSLKAjED0AIPW1kLcyFDELOzFPxmlquUcYIgVXL4/8WUDUuDYvHM+NYN+VtpWGCopLfCgmMw=="
    },
    "@lezer/common": {
      "version": "0.15.7",
      "resolved": "https://registry.npmjs.org/@lezer/common/-/common-0.15.7.tgz",
      "integrity": "sha512-Rw8TDJnBzZnkyzIXs1Tmmd241FrBLJBj8gkdy3y0joGFb8Z4I/joKEsR+gv1pb13o1TMsZxm3fmP+d/wPt2CTQ=="
    },
    "@lezer/css": {
      "version": "0.15.2",
      "resolved": "https://registry.npmjs.org/@lezer/css/-/css-0.15.2.tgz",
      "integrity": "sha512-tnMOMZY0Zs6JQeVjqfmREYMV0GnmZR1NitndLWioZMD6mA7VQF/PPKPmJX1f+ZgVZQc5Am0df9mX3aiJnNJlKQ==",
      "requires": {
        "@lezer/lr": "^0.15.0"
      }
    },
    "@lezer/html": {
      "version": "0.15.0",
      "resolved": "https://registry.npmjs.org/@lezer/html/-/html-0.15.0.tgz",
      "integrity": "sha512-ErmgP/Vv0AhYJvs/Ekb9oue4IzBHemKLi7K8tJ0jgS+20Y8FGC9foK6knCXtEHqdPaxVGQH9PVp7gecLnzLd9Q==",
      "requires": {
        "@lezer/lr": "^0.15.0"
      }
    },
    "@lezer/java": {
      "version": "0.15.0",
      "resolved": "https://registry.npmjs.org/@lezer/java/-/java-0.15.0.tgz",
      "integrity": "sha512-Od2Ugo93XjLxCIEKlrwJfacmSMd7lEnkVQgBjMsZofjwEKZ2Y2ue6URntMFFiftTlNXbE29vYbweWYluEq+Cdw==",
      "requires": {
        "@lezer/lr": "^0.15.0"
      }
    },
    "@lezer/javascript": {
      "version": "0.15.0",
      "resolved": "https://registry.npmjs.org/@lezer/javascript/-/javascript-0.15.0.tgz",
      "integrity": "sha512-euFjbbyYmxpBls9FyBAKnGLEjaMFqfHvhfueA7M1PitZdieHu8KSblutmcwjpWKIV4eH4uElMZO2cPVe0aFxXA==",
      "requires": {
        "@lezer/lr": "^0.15.0"
      }
    },
    "@lezer/lr": {
      "version": "0.15.4",
      "resolved": "https://registry.npmjs.org/@lezer/lr/-/lr-0.15.4.tgz",
      "integrity": "sha512-vwgG80sihEGJn6wJp6VijXrnzVai/KPva/OzYKaWvIx0IiXKjoMQ8UAwcgpSBwfS4Fbz3IKOX/cCNXU3r1FvpQ==",
      "requires": {
        "@lezer/common": "^0.15.0"
      }
    },
    "@lezer/php": {
      "version": "0.15.0",
      "resolved": "https://registry.npmjs.org/@lezer/php/-/php-0.15.0.tgz",
      "integrity": "sha512-kU3QSOko0jsv3RLhABPrRD4wEhaWYh2Uh0lTj9Q9BOsBJ5SoADfifO4gHkEDav7AgL/j+ulkKiHiilciTa/RaQ==",
      "requires": {
        "@lezer/lr": "^0.15.0"
      }
    },
    "@lezer/python": {
      "version": "0.15.0",
      "resolved": "https://registry.npmjs.org/@lezer/python/-/python-0.15.0.tgz",
      "integrity": "sha512-KkbNfjLZCs/Ibx+3mekGu31qz+zCVkXHL+oNftRxB/lsINlz25SURR5z6wb94JpJt0yDFCEtn/2siAUybLOXiA==",
      "requires": {
        "@lezer/lr": "^0.15.0"
      }
    },
    "@lezer/rust": {
      "version": "0.15.0",
      "resolved": "https://registry.npmjs.org/@lezer/rust/-/rust-0.15.0.tgz",
      "integrity": "sha512-vq7P0P9478Y4J0cKuwChNJjoZBNERyqBJ4wG94gYORKqXmUei/GtIAxu1Ei24BJRPrVHrg0NmC6daFd+i1re1Q==",
      "requires": {
        "@lezer/lr": "^0.15.0"
      }
    },
    "codemirror": {
      "version": "5.63.3",
      "resolved": "https://registry.npmjs.org/codemirror/-/codemirror-5.63.3.tgz",
      "integrity": "sha512-1C+LELr+5grgJYqwZKqxrcbPsHFHapVaVAloBsFBASbpLnQqLw1U8yXJ3gT5D+rhxIiSpo+kTqN+hQ+9ialIXw==",
      "peer": true
    },
    "crelt": {
      "version": "1.0.5",
      "resolved": "https://registry.npmjs.org/crelt/-/crelt-1.0.5.tgz",
      "integrity": "sha512-+BO9wPPi+DWTDcNYhr/W90myha8ptzftZT+LwcmUbbok0rcP/fequmFYCw8NMoH7pkAZQzU78b3kYrlua5a9eA=="
    },
    "diff": {
      "version": "5.0.0",
      "resolved": "https://registry.npmjs.org/diff/-/diff-5.0.0.tgz",
      "integrity": "sha512-/VTCrvm5Z0JGty/BWHljh+BAiw3IK+2j87NGMu8Nwc/f48WoDAC395uomO9ZD117ZOBaHmkX1oyLvkVM/aIT3w=="
    },
    "esbuild": {
      "version": "0.13.9",
      "resolved": "https://registry.npmjs.org/esbuild/-/esbuild-0.13.9.tgz",
      "integrity": "sha512-8bYcckmisXjGvBMeylp1PRtu21uOoCDFAgXGGF2BR241zYQDN6ZLNvcmQlnQ7olG0p6PRWmJI8WVH3ca8viPuw==",
      "requires": {
        "esbuild-android-arm64": "0.13.9",
        "esbuild-darwin-64": "0.13.9",
        "esbuild-darwin-arm64": "0.13.9",
        "esbuild-freebsd-64": "0.13.9",
        "esbuild-freebsd-arm64": "0.13.9",
        "esbuild-linux-32": "0.13.9",
        "esbuild-linux-64": "0.13.9",
        "esbuild-linux-arm": "0.13.9",
        "esbuild-linux-arm64": "0.13.9",
        "esbuild-linux-mips64le": "0.13.9",
        "esbuild-linux-ppc64le": "0.13.9",
        "esbuild-netbsd-64": "0.13.9",
        "esbuild-openbsd-64": "0.13.9",
        "esbuild-sunos-64": "0.13.9",
        "esbuild-windows-32": "0.13.9",
        "esbuild-windows-64": "0.13.9",
        "esbuild-windows-arm64": "0.13.9"
      }
    },
    "esbuild-android-arm64": {
      "version": "0.13.9",
      "resolved": "https://registry.npmjs.org/esbuild-android-arm64/-/esbuild-android-arm64-0.13.9.tgz",
      "integrity": "sha512-Ty0hKldtjJVLHwUwbKR4GFPiXBo5iQ3aE1OLBar9lh3myaRkUGEb+Ypl74LEKa0+t/9lS3Ev1N5+5P2Sq6UvNQ==",
      "optional": true
    },
    "esbuild-darwin-64": {
      "version": "0.13.9",
      "resolved": "https://registry.npmjs.org/esbuild-darwin-64/-/esbuild-darwin-64-0.13.9.tgz",
      "integrity": "sha512-Ay0/b98v0oYp3ApXNQ7QPbaSkCT9WjBU6h8bMB1SYrQ/PmHgwph91fb9V0pfOLKK1rYWypfrNbI0MyT2tWN+rQ==",
      "optional": true
    },
    "esbuild-darwin-arm64": {
      "version": "0.13.9",
      "resolved": "https://registry.npmjs.org/esbuild-darwin-arm64/-/esbuild-darwin-arm64-0.13.9.tgz",
      "integrity": "sha512-nJB8chaJdWathCe6EyIiMIqfyEzbuXPyNsPlL3bYRB1zFCF8feXT874D4IHbJ/w8B6BpY3sM1Clr/I/DK8E4ow==",
      "optional": true
    },
    "esbuild-freebsd-64": {
      "version": "0.13.9",
      "resolved": "https://registry.npmjs.org/esbuild-freebsd-64/-/esbuild-freebsd-64-0.13.9.tgz",
      "integrity": "sha512-ktaBujf12XLkVXLGx7WjFcmh1tt34tm7gP4pHkhvbzbHrq+BbXwcl4EsW+5JT9VNKl7slOGf4Qnua/VW7ZcnIw==",
      "optional": true
    },
    "esbuild-freebsd-arm64": {
      "version": "0.13.9",
      "resolved": "https://registry.npmjs.org/esbuild-freebsd-arm64/-/esbuild-freebsd-arm64-0.13.9.tgz",
      "integrity": "sha512-vVa5zps4dmwpXwv/amxVpIWvFJuUPWQkpV+PYtZUW9lqjXsQ3LBHP51Q1cXZZBIrqwszLsEyJPa5GuDOY15hzQ==",
      "optional": true
    },
    "esbuild-linux-32": {
      "version": "0.13.9",
      "resolved": "https://registry.npmjs.org/esbuild-linux-32/-/esbuild-linux-32-0.13.9.tgz",
      "integrity": "sha512-HxoW9QNqhO8VW1l7aBiYQH4lobeHq85+blZ4nlZ7sg5CNhGRRwnMlV6S08VYKz6V0YKnHb5OqJxx2HZuTZ7tgQ==",
      "optional": true
    },
    "esbuild-linux-64": {
      "version": "0.13.9",
      "resolved": "https://registry.npmjs.org/esbuild-linux-64/-/esbuild-linux-64-0.13.9.tgz",
      "integrity": "sha512-L+eAR8o1lAUr9g64RXnBLuWZjAItAOWSUpvkchpa6QvSnXFA/nG6PgGsOBEqhDXl9qYEpGI0ReDrFkf8ByapvQ==",
      "optional": true
    },
    "esbuild-linux-arm": {
      "version": "0.13.9",
      "resolved": "https://registry.npmjs.org/esbuild-linux-arm/-/esbuild-linux-arm-0.13.9.tgz",
      "integrity": "sha512-DT0S+ufCVXatPZHjkCaBgZSFIV8FzY4GEHz/BlkitTWzUvT1dIUXjPIRPnqBUVa+0AyS1bZSfHzv9hTT4LHz7A==",
      "optional": true
    },
    "esbuild-linux-arm64": {
      "version": "0.13.9",
      "resolved": "https://registry.npmjs.org/esbuild-linux-arm64/-/esbuild-linux-arm64-0.13.9.tgz",
      "integrity": "sha512-IjbhZpW5VQYK4nVI4dj/mLvH5oXAIf57OI8BYVkCqrdVXJwR8nVrSqux3zJSY+ElrkOK3DtG9iTPpmqvBXaU0g==",
      "optional": true
    },
    "esbuild-linux-mips64le": {
      "version": "0.13.9",
      "resolved": "https://registry.npmjs.org/esbuild-linux-mips64le/-/esbuild-linux-mips64le-0.13.9.tgz",
      "integrity": "sha512-ec9RgAM4r+fe1ZmG16qeMwEHdcIvqeW8tpnpkfSQu9T4487KtQF6lg3TQasTarrLLEe7Qpy+E+r4VwC8eeZySQ==",
      "optional": true
    },
    "esbuild-linux-ppc64le": {
      "version": "0.13.9",
      "resolved": "https://registry.npmjs.org/esbuild-linux-ppc64le/-/esbuild-linux-ppc64le-0.13.9.tgz",
      "integrity": "sha512-7b2/wg8T1n/L1BgCWlMSez0aXfGkNjFuOqMBQdnTti3LRuUwzGJcrhRf/FdZGJ5/evML9mqu60vLRuXW1TdXCg==",
      "optional": true
    },
    "esbuild-netbsd-64": {
      "version": "0.13.9",
      "resolved": "https://registry.npmjs.org/esbuild-netbsd-64/-/esbuild-netbsd-64-0.13.9.tgz",
      "integrity": "sha512-PiZu3h4+Szj0iZPgvuD2Y0isOXnlNetmF6jMcOwW54BScwynW24/baE+z7PfDyNFgjV04Ga2THdcpbKBDhgWQw==",
      "optional": true
    },
    "esbuild-openbsd-64": {
      "version": "0.13.9",
      "resolved": "https://registry.npmjs.org/esbuild-openbsd-64/-/esbuild-openbsd-64-0.13.9.tgz",
      "integrity": "sha512-SJKN4Ez+ilY7mu+1gAdGQ9N6dktBfbEkiOAvw+hT7xHrNnTnrTGH0FT4qx9dazB9HX6D04L4PXmVOyynqi+oEQ==",
      "optional": true
    },
    "esbuild-sunos-64": {
      "version": "0.13.9",
      "resolved": "https://registry.npmjs.org/esbuild-sunos-64/-/esbuild-sunos-64-0.13.9.tgz",
      "integrity": "sha512-9N0RjZ7cElE8ifrS0nBrLQgBMQNPiIIKO2GzLXy7Ms8AM3KjfLiV2G2+9O0B9paXjRAHchIwazTeOyeWb1vyWA==",
      "optional": true
    },
    "esbuild-windows-32": {
      "version": "0.13.9",
      "resolved": "https://registry.npmjs.org/esbuild-windows-32/-/esbuild-windows-32-0.13.9.tgz",
      "integrity": "sha512-awxWs1kns+RfjhqBbTbdlePjqZrAE2XMaAQJNg9dtu+C7ghC3QKsqXbu0C26OuF5YeAdJcq9q+IdG6WPLjvj9w==",
      "optional": true
    },
    "esbuild-windows-64": {
      "version": "0.13.9",
      "resolved": "https://registry.npmjs.org/esbuild-windows-64/-/esbuild-windows-64-0.13.9.tgz",
      "integrity": "sha512-VmA9GQMCzOr8rFfD72Dum1+AWhJui7ZO6sYwp6rBHYu4vLmWITTSUsd/zgXXmZuHBPkkvxLJLF8XsKFCRKflJA==",
      "optional": true
    },
    "esbuild-windows-arm64": {
      "version": "0.13.9",
      "resolved": "https://registry.npmjs.org/esbuild-windows-arm64/-/esbuild-windows-arm64-0.13.9.tgz",
      "integrity": "sha512-P/jPY2JwmTpgEPh9BkXpCe690tcDSSo0K9BHTniSeEAEz26kPpqldVa4XDm0R+hNnFA7ecEgNskr4QAxE1ry0w==",
      "optional": true
    },
    "lz-string": {
      "version": "1.4.4",
      "resolved": "https://registry.npmjs.org/lz-string/-/lz-string-1.4.4.tgz",
      "integrity": "sha1-wNjq82BZ9wV5bh40SBHPTEmNOiY="
    },
    "nim-codemirror-mode": {
      "version": "0.3.0",
      "resolved": "https://registry.npmjs.org/nim-codemirror-mode/-/nim-codemirror-mode-0.3.0.tgz",
      "integrity": "sha512-I023hB2XIX58MrO6WsQGZrXbWb5MURJT0jeSqdhQgtO95YzzRAtNQiudugkFiWu+E3xHBLosw4BxIoMs7wyD7g==",
      "requires": {}
    },
    "style-mod": {
      "version": "4.0.0",
      "resolved": "https://registry.npmjs.org/style-mod/-/style-mod-4.0.0.tgz",
      "integrity": "sha512-OPhtyEjyyN9x3nhPsu76f52yUGXiZcgvsrFVtvTkyGRQJ0XK+GPc6ov1z+lRpbeabka+MYEQxOYRnt5nF30aMw=="
    },
    "w3c-keyname": {
      "version": "2.2.4",
      "resolved": "https://registry.npmjs.org/w3c-keyname/-/w3c-keyname-2.2.4.tgz",
      "integrity": "sha512-tOhfEwEzFLJzf6d1ZPkYfGj+FWhIpBux9ppoP3rlclw3Z0BZv3N7b7030Z1kYth+6rDuAsXUFr+d0VE6Ed1ikw=="
    }
  }
}
